// !$*UTF8*$!
{
	archiveVersion = 1;
	classes = {
	};
	objectVersion = 46;
	objects = {

/* Begin PBXBuildFile section */
		DA20F0B81E0444D500F8BAD4 /* MHomeControl.swift in Sources */ = {isa = PBXBuildFile; fileRef = DA20F0B71E0444D500F8BAD4 /* MHomeControl.swift */; };
		DA20F0BA1E0444E800F8BAD4 /* MHomeControlItem.swift in Sources */ = {isa = PBXBuildFile; fileRef = DA20F0B91E0444E800F8BAD4 /* MHomeControlItem.swift */; };
		DA20F0C31E0446C300F8BAD4 /* VHome.swift in Sources */ = {isa = PBXBuildFile; fileRef = DA20F0BC1E0446C300F8BAD4 /* VHome.swift */; };
		DA20F0C51E0446C300F8BAD4 /* VHomeDisplay.swift in Sources */ = {isa = PBXBuildFile; fileRef = DA20F0C01E0446C300F8BAD4 /* VHomeDisplay.swift */; };
		DA20F0C61E0446C300F8BAD4 /* VHomeTimeline.swift in Sources */ = {isa = PBXBuildFile; fileRef = DA20F0C21E0446C300F8BAD4 /* VHomeTimeline.swift */; };
		DA20F0CA1E0452CA00F8BAD4 /* MHomeControlItemCamera.swift in Sources */ = {isa = PBXBuildFile; fileRef = DA20F0C91E0452CA00F8BAD4 /* MHomeControlItemCamera.swift */; };
		DA20F3861E0D755500D9EBAC /* MetalFilter.swift in Sources */ = {isa = PBXBuildFile; fileRef = DA20F3851E0D755500D9EBAC /* MetalFilter.swift */; };
		DA20F3881E0D78B400D9EBAC /* MetalFilterBlender.metal in Sources */ = {isa = PBXBuildFile; fileRef = DA20F3871E0D78B400D9EBAC /* MetalFilterBlender.metal */; };
		DA20F38A1E0D7A9100D9EBAC /* ExtensionMTLTexture.swift in Sources */ = {isa = PBXBuildFile; fileRef = DA20F3891E0D7A9100D9EBAC /* ExtensionMTLTexture.swift */; };
		DA20F38C1E0D8AC700D9EBAC /* MHomeImageSequenceRawPoint.swift in Sources */ = {isa = PBXBuildFile; fileRef = DA20F38B1E0D8AC700D9EBAC /* MHomeImageSequenceRawPoint.swift */; };
		DA235C771E098D9800277550 /* VHomePlayerBoard.swift in Sources */ = {isa = PBXBuildFile; fileRef = DA235C761E098D9800277550 /* VHomePlayerBoard.swift */; };
		DA235C791E098DA900277550 /* VHomePlayerBoardMain.swift in Sources */ = {isa = PBXBuildFile; fileRef = DA235C781E098DA900277550 /* VHomePlayerBoardMain.swift */; };
		DA2518771E12BF7D00C1801B /* VParentBar.swift in Sources */ = {isa = PBXBuildFile; fileRef = DA2518761E12BF7D00C1801B /* VParentBar.swift */; };
		DA35021E1E0C505100CBDF64 /* VHomeControlBlenderBoardMain.swift in Sources */ = {isa = PBXBuildFile; fileRef = DA35021D1E0C505100CBDF64 /* VHomeControlBlenderBoardMain.swift */; };
		DA3502201E0C5EC700CBDF64 /* VHomeControlBlenderBoardOver.swift in Sources */ = {isa = PBXBuildFile; fileRef = DA35021F1E0C5EC700CBDF64 /* VHomeControlBlenderBoardOver.swift */; };
		DA41E6831E0373F600B1BE84 /* ExtensionNSLayoutConstraint.swift in Sources */ = {isa = PBXBuildFile; fileRef = DA41E6821E0373F600B1BE84 /* ExtensionNSLayoutConstraint.swift */; };
		DA505F471E0B3CF900CE22FE /* MHomeControlItemBlender.swift in Sources */ = {isa = PBXBuildFile; fileRef = DA505F461E0B3CF900CE22FE /* MHomeControlItemBlender.swift */; };
		DA505F4A1E0B473600CE22FE /* VHomeControlBlender.swift in Sources */ = {isa = PBXBuildFile; fileRef = DA505F491E0B473600CE22FE /* VHomeControlBlender.swift */; };
		DA505F4C1E0B4C9F00CE22FE /* VHomeControlBlenderMenu.swift in Sources */ = {isa = PBXBuildFile; fileRef = DA505F4B1E0B4C9F00CE22FE /* VHomeControlBlenderMenu.swift */; };
		DA505F4E1E0B4F1100CE22FE /* VHomeControlBlenderBoard.swift in Sources */ = {isa = PBXBuildFile; fileRef = DA505F4D1E0B4F1100CE22FE /* VHomeControlBlenderBoard.swift */; };
		DA505F501E0B51EB00CE22FE /* VHomeControlBlenderPieces.swift in Sources */ = {isa = PBXBuildFile; fileRef = DA505F4F1E0B51EB00CE22FE /* VHomeControlBlenderPieces.swift */; };
		DA505F521E0B535D00CE22FE /* VHomeControlBlenderGesturer.swift in Sources */ = {isa = PBXBuildFile; fileRef = DA505F511E0B535D00CE22FE /* VHomeControlBlenderGesturer.swift */; };
		DA505F541E0B557400CE22FE /* VHomeControlBlenderPiecesItem.swift in Sources */ = {isa = PBXBuildFile; fileRef = DA505F531E0B557400CE22FE /* VHomeControlBlenderPiecesItem.swift */; };
		DA913DF51E049238000565D6 /* home.xcassets in Resources */ = {isa = PBXBuildFile; fileRef = DA913DF41E049238000565D6 /* home.xcassets */; };
		DA96FEDE1E03672F00FD5265 /* LaunchScreen.storyboard in Resources */ = {isa = PBXBuildFile; fileRef = DA96FE951E03672F00FD5265 /* LaunchScreen.storyboard */; };
		DA96FEDF1E03672F00FD5265 /* CHome.swift in Sources */ = {isa = PBXBuildFile; fileRef = DA96FE981E03672F00FD5265 /* CHome.swift */; };
		DA96FEE01E03672F00FD5265 /* CAppDelegate.swift in Sources */ = {isa = PBXBuildFile; fileRef = DA96FE9A1E03672F00FD5265 /* CAppDelegate.swift */; };
		DA96FEE11E03672F00FD5265 /* CController.swift in Sources */ = {isa = PBXBuildFile; fileRef = DA96FE9B1E03672F00FD5265 /* CController.swift */; };
		DA96FEE21E03672F00FD5265 /* CParent.swift in Sources */ = {isa = PBXBuildFile; fileRef = DA96FE9C1E03672F00FD5265 /* CParent.swift */; };
		DA96FEE31E03672F00FD5265 /* ExtensionFileManager.swift in Sources */ = {isa = PBXBuildFile; fileRef = DA96FE9E1E03672F00FD5265 /* ExtensionFileManager.swift */; };
		DA96FEE41E03672F00FD5265 /* ExtensionNotification.swift in Sources */ = {isa = PBXBuildFile; fileRef = DA96FE9F1E03672F00FD5265 /* ExtensionNotification.swift */; };
		DA96FEE51E03672F00FD5265 /* ExtensionNSManagedObject.swift in Sources */ = {isa = PBXBuildFile; fileRef = DA96FEA01E03672F00FD5265 /* ExtensionNSManagedObject.swift */; };
		DA96FEE61E03672F00FD5265 /* ExtensionUICollectionReusableView.swift in Sources */ = {isa = PBXBuildFile; fileRef = DA96FEA11E03672F00FD5265 /* ExtensionUICollectionReusableView.swift */; };
		DA96FEE71E03672F00FD5265 /* ExtensionUIColor.swift in Sources */ = {isa = PBXBuildFile; fileRef = DA96FEA21E03672F00FD5265 /* ExtensionUIColor.swift */; };
		DA96FEE81E03672F00FD5265 /* ExtensionUIFont.swift in Sources */ = {isa = PBXBuildFile; fileRef = DA96FEA31E03672F00FD5265 /* ExtensionUIFont.swift */; };
		DA96FEEA1E03672F00FD5265 /* Localizable.strings in Resources */ = {isa = PBXBuildFile; fileRef = DA96FEA61E03672F00FD5265 /* Localizable.strings */; };
		DA96FF031E03672F00FD5265 /* VAlert.swift in Sources */ = {isa = PBXBuildFile; fileRef = DA96FECE1E03672F00FD5265 /* VAlert.swift */; };
		DA96FF041E03672F00FD5265 /* VParent.swift in Sources */ = {isa = PBXBuildFile; fileRef = DA96FECF1E03672F00FD5265 /* VParent.swift */; };
		DA96FF061E03672F00FD5265 /* VSpinner.swift in Sources */ = {isa = PBXBuildFile; fileRef = DA96FED11E03672F00FD5265 /* VSpinner.swift */; };
		DA96FF071E03672F00FD5265 /* VView.swift in Sources */ = {isa = PBXBuildFile; fileRef = DA96FED21E03672F00FD5265 /* VView.swift */; };
		DA9B83C51E12DCB8002B9810 /* CCamera.swift in Sources */ = {isa = PBXBuildFile; fileRef = DA9B83C41E12DCB8002B9810 /* CCamera.swift */; };
		DA9D2F381E0ADF57003E37D5 /* VHomeControlCamera.swift in Sources */ = {isa = PBXBuildFile; fileRef = DA9D2F301E0ADF57003E37D5 /* VHomeControlCamera.swift */; };
		DA9D2F391E0ADF57003E37D5 /* VHomeControlCameraMenu.swift in Sources */ = {isa = PBXBuildFile; fileRef = DA9D2F311E0ADF57003E37D5 /* VHomeControlCameraMenu.swift */; };
		DA9D2F3A1E0ADF57003E37D5 /* VHomeControlCameraMenuTrigger.swift in Sources */ = {isa = PBXBuildFile; fileRef = DA9D2F321E0ADF57003E37D5 /* VHomeControlCameraMenuTrigger.swift */; };
		DA9D2F3B1E0ADF57003E37D5 /* VHomeControlCameraPreview.swift in Sources */ = {isa = PBXBuildFile; fileRef = DA9D2F331E0ADF57003E37D5 /* VHomeControlCameraPreview.swift */; };
		DA9D2F3C1E0ADF57003E37D5 /* VHomeControlCameraTicker.swift in Sources */ = {isa = PBXBuildFile; fileRef = DA9D2F341E0ADF57003E37D5 /* VHomeControlCameraTicker.swift */; };
		DA9D2F3D1E0ADF57003E37D5 /* VHomeControl.swift in Sources */ = {isa = PBXBuildFile; fileRef = DA9D2F361E0ADF57003E37D5 /* VHomeControl.swift */; };
		DA9D2F3E1E0ADF57003E37D5 /* VHomeControlCell.swift in Sources */ = {isa = PBXBuildFile; fileRef = DA9D2F371E0ADF57003E37D5 /* VHomeControlCell.swift */; };
		DA9D2F401E0AE589003E37D5 /* VHomeControlCameraTickerProcess.swift in Sources */ = {isa = PBXBuildFile; fileRef = DA9D2F3F1E0AE589003E37D5 /* VHomeControlCameraTickerProcess.swift */; };
		DA9D2F421E0AE62D003E37D5 /* VHomeControlCameraTickerFrames.swift in Sources */ = {isa = PBXBuildFile; fileRef = DA9D2F411E0AE62D003E37D5 /* VHomeControlCameraTickerFrames.swift */; };
		DA9D2F451E0AFBE1003E37D5 /* MHomeFrames.swift in Sources */ = {isa = PBXBuildFile; fileRef = DA9D2F441E0AFBE1003E37D5 /* MHomeFrames.swift */; };
		DA9D2F471E0AFC2A003E37D5 /* MHomeFramesItem.swift in Sources */ = {isa = PBXBuildFile; fileRef = DA9D2F461E0AFC2A003E37D5 /* MHomeFramesItem.swift */; };
		DA9D2F491E0AFCDF003E37D5 /* MHomeFramesItem1.swift in Sources */ = {isa = PBXBuildFile; fileRef = DA9D2F481E0AFCDF003E37D5 /* MHomeFramesItem1.swift */; };
		DA9D2F4B1E0AFE0A003E37D5 /* MHomeFramesItem5.swift in Sources */ = {isa = PBXBuildFile; fileRef = DA9D2F4A1E0AFE0A003E37D5 /* MHomeFramesItem5.swift */; };
		DA9D2F4D1E0AFE13003E37D5 /* MHomeFramesItem10.swift in Sources */ = {isa = PBXBuildFile; fileRef = DA9D2F4C1E0AFE13003E37D5 /* MHomeFramesItem10.swift */; };
		DA9D2F4F1E0AFE1F003E37D5 /* MHomeFramesItem15.swift in Sources */ = {isa = PBXBuildFile; fileRef = DA9D2F4E1E0AFE1F003E37D5 /* MHomeFramesItem15.swift */; };
		DA9D2F511E0AFE28003E37D5 /* MHomeFramesItem20.swift in Sources */ = {isa = PBXBuildFile; fileRef = DA9D2F501E0AFE28003E37D5 /* MHomeFramesItem20.swift */; };
		DA9D2F531E0AFE31003E37D5 /* MHomeFramesItem30.swift in Sources */ = {isa = PBXBuildFile; fileRef = DA9D2F521E0AFE31003E37D5 /* MHomeFramesItem30.swift */; };
		DA9D2F551E0AFE41003E37D5 /* MHomeFramesItem45.swift in Sources */ = {isa = PBXBuildFile; fileRef = DA9D2F541E0AFE41003E37D5 /* MHomeFramesItem45.swift */; };
		DA9D2F571E0AFE4B003E37D5 /* MHomeFramesItem60.swift in Sources */ = {isa = PBXBuildFile; fileRef = DA9D2F561E0AFE4B003E37D5 /* MHomeFramesItem60.swift */; };
		DA9D2F591E0AFFD1003E37D5 /* MHomeFramesItem2.swift in Sources */ = {isa = PBXBuildFile; fileRef = DA9D2F581E0AFFD1003E37D5 /* MHomeFramesItem2.swift */; };
		DAA68D5D1E09C31500A830A2 /* VHomePlayerTimer.swift in Sources */ = {isa = PBXBuildFile; fileRef = DAA68D5C1E09C31500A830A2 /* VHomePlayerTimer.swift */; };
		DAA68D5F1E09C7D200A830A2 /* VHomePlayerTimerSlider.swift in Sources */ = {isa = PBXBuildFile; fileRef = DAA68D5E1E09C7D200A830A2 /* VHomePlayerTimerSlider.swift */; };
		DAB333E91E05DBBC003436C0 /* MHomeImage.swift in Sources */ = {isa = PBXBuildFile; fileRef = DAB333E81E05DBBC003436C0 /* MHomeImage.swift */; };
		DAB333ED1E05DBEC003436C0 /* MHomeImageSequence.swift in Sources */ = {isa = PBXBuildFile; fileRef = DAB333EC1E05DBEC003436C0 /* MHomeImageSequence.swift */; };
		DAB333EF1E05DC1A003436C0 /* MHomeImageSequenceItem.swift in Sources */ = {isa = PBXBuildFile; fileRef = DAB333EE1E05DC1A003436C0 /* MHomeImageSequenceItem.swift */; };
		DAC7D3FB1E12C37D00312D4E /* CLoops.swift in Sources */ = {isa = PBXBuildFile; fileRef = DAC7D3FA1E12C37D00312D4E /* CLoops.swift */; };
		DAC7D3FE1E12C3BC00312D4E /* VLoops.swift in Sources */ = {isa = PBXBuildFile; fileRef = DAC7D3FD1E12C3BC00312D4E /* VLoops.swift */; };
		DAC7D4001E12CDFC00312D4E /* VParentBarButton.swift in Sources */ = {isa = PBXBuildFile; fileRef = DAC7D3FF1E12CDFC00312D4E /* VParentBarButton.swift */; };
		DAD778E31E1060F5009B1A81 /* VHomeControlSequences.swift in Sources */ = {isa = PBXBuildFile; fileRef = DAD778E21E1060F5009B1A81 /* VHomeControlSequences.swift */; };
		DAD778E51E10634D009B1A81 /* VHomeControlSequencesMenu.swift in Sources */ = {isa = PBXBuildFile; fileRef = DAD778E41E10634D009B1A81 /* VHomeControlSequencesMenu.swift */; };
		DAD778E71E106665009B1A81 /* MHomeControlItemSequences.swift in Sources */ = {isa = PBXBuildFile; fileRef = DAD778E61E106665009B1A81 /* MHomeControlItemSequences.swift */; };
		DAD778E91E1174D7009B1A81 /* brand.xcassets in Resources */ = {isa = PBXBuildFile; fileRef = DAD778E81E1174D7009B1A81 /* brand.xcassets */; };
		DAD778EB1E117667009B1A81 /* generic.xcassets in Resources */ = {isa = PBXBuildFile; fileRef = DAD778EA1E117667009B1A81 /* generic.xcassets */; };
		DAD778ED1E11788D009B1A81 /* spinner.xcassets in Resources */ = {isa = PBXBuildFile; fileRef = DAD778EC1E11788D009B1A81 /* spinner.xcassets */; };
		DAFFF3F41E0847D500E14F12 /* VHomeTimelineCell.swift in Sources */ = {isa = PBXBuildFile; fileRef = DAFFF3F31E0847D500E14F12 /* VHomeTimelineCell.swift */; };
		DAFFF3F61E0856AC00E14F12 /* MHomeImageSequenceRaw.swift in Sources */ = {isa = PBXBuildFile; fileRef = DAFFF3F51E0856AC00E14F12 /* MHomeImageSequenceRaw.swift */; };
		DAFFF3F81E0856B700E14F12 /* MHomeImageSequenceGenerated.swift in Sources */ = {isa = PBXBuildFile; fileRef = DAFFF3F71E0856B700E14F12 /* MHomeImageSequenceGenerated.swift */; };
		DAFFF3FB1E085C4900E14F12 /* VHomePlayer.swift in Sources */ = {isa = PBXBuildFile; fileRef = DAFFF3FA1E085C4900E14F12 /* VHomePlayer.swift */; };
		DAFFF4001E08A78100E14F12 /* MSession.swift in Sources */ = {isa = PBXBuildFile; fileRef = DAFFF3FF1E08A78100E14F12 /* MSession.swift */; };
/* End PBXBuildFile section */

/* Begin PBXFileReference section */
		DA20F0B71E0444D500F8BAD4 /* MHomeControl.swift */ = {isa = PBXFileReference; fileEncoding = 4; lastKnownFileType = sourcecode.swift; path = MHomeControl.swift; sourceTree = "<group>"; };
		DA20F0B91E0444E800F8BAD4 /* MHomeControlItem.swift */ = {isa = PBXFileReference; fileEncoding = 4; lastKnownFileType = sourcecode.swift; path = MHomeControlItem.swift; sourceTree = "<group>"; };
		DA20F0BC1E0446C300F8BAD4 /* VHome.swift */ = {isa = PBXFileReference; fileEncoding = 4; lastKnownFileType = sourcecode.swift; path = VHome.swift; sourceTree = "<group>"; };
		DA20F0C01E0446C300F8BAD4 /* VHomeDisplay.swift */ = {isa = PBXFileReference; fileEncoding = 4; lastKnownFileType = sourcecode.swift; path = VHomeDisplay.swift; sourceTree = "<group>"; };
		DA20F0C21E0446C300F8BAD4 /* VHomeTimeline.swift */ = {isa = PBXFileReference; fileEncoding = 4; lastKnownFileType = sourcecode.swift; path = VHomeTimeline.swift; sourceTree = "<group>"; };
		DA20F0C91E0452CA00F8BAD4 /* MHomeControlItemCamera.swift */ = {isa = PBXFileReference; fileEncoding = 4; lastKnownFileType = sourcecode.swift; path = MHomeControlItemCamera.swift; sourceTree = "<group>"; };
		DA20F3851E0D755500D9EBAC /* MetalFilter.swift */ = {isa = PBXFileReference; fileEncoding = 4; lastKnownFileType = sourcecode.swift; path = MetalFilter.swift; sourceTree = "<group>"; };
		DA20F3871E0D78B400D9EBAC /* MetalFilterBlender.metal */ = {isa = PBXFileReference; fileEncoding = 4; lastKnownFileType = sourcecode.metal; path = MetalFilterBlender.metal; sourceTree = "<group>"; };
		DA20F3891E0D7A9100D9EBAC /* ExtensionMTLTexture.swift */ = {isa = PBXFileReference; fileEncoding = 4; lastKnownFileType = sourcecode.swift; path = ExtensionMTLTexture.swift; sourceTree = "<group>"; };
		DA20F38B1E0D8AC700D9EBAC /* MHomeImageSequenceRawPoint.swift */ = {isa = PBXFileReference; fileEncoding = 4; lastKnownFileType = sourcecode.swift; path = MHomeImageSequenceRawPoint.swift; sourceTree = "<group>"; };
		DA235C761E098D9800277550 /* VHomePlayerBoard.swift */ = {isa = PBXFileReference; fileEncoding = 4; lastKnownFileType = sourcecode.swift; path = VHomePlayerBoard.swift; sourceTree = "<group>"; };
		DA235C781E098DA900277550 /* VHomePlayerBoardMain.swift */ = {isa = PBXFileReference; fileEncoding = 4; lastKnownFileType = sourcecode.swift; path = VHomePlayerBoardMain.swift; sourceTree = "<group>"; };
		DA2518761E12BF7D00C1801B /* VParentBar.swift */ = {isa = PBXFileReference; fileEncoding = 4; lastKnownFileType = sourcecode.swift; path = VParentBar.swift; sourceTree = "<group>"; };
		DA35021D1E0C505100CBDF64 /* VHomeControlBlenderBoardMain.swift */ = {isa = PBXFileReference; fileEncoding = 4; lastKnownFileType = sourcecode.swift; path = VHomeControlBlenderBoardMain.swift; sourceTree = "<group>"; };
		DA35021F1E0C5EC700CBDF64 /* VHomeControlBlenderBoardOver.swift */ = {isa = PBXFileReference; fileEncoding = 4; lastKnownFileType = sourcecode.swift; path = VHomeControlBlenderBoardOver.swift; sourceTree = "<group>"; };
		DA41E6821E0373F600B1BE84 /* ExtensionNSLayoutConstraint.swift */ = {isa = PBXFileReference; fileEncoding = 4; lastKnownFileType = sourcecode.swift; path = ExtensionNSLayoutConstraint.swift; sourceTree = "<group>"; };
		DA505F461E0B3CF900CE22FE /* MHomeControlItemBlender.swift */ = {isa = PBXFileReference; fileEncoding = 4; lastKnownFileType = sourcecode.swift; path = MHomeControlItemBlender.swift; sourceTree = "<group>"; };
		DA505F491E0B473600CE22FE /* VHomeControlBlender.swift */ = {isa = PBXFileReference; fileEncoding = 4; lastKnownFileType = sourcecode.swift; path = VHomeControlBlender.swift; sourceTree = "<group>"; };
		DA505F4B1E0B4C9F00CE22FE /* VHomeControlBlenderMenu.swift */ = {isa = PBXFileReference; fileEncoding = 4; lastKnownFileType = sourcecode.swift; path = VHomeControlBlenderMenu.swift; sourceTree = "<group>"; };
		DA505F4D1E0B4F1100CE22FE /* VHomeControlBlenderBoard.swift */ = {isa = PBXFileReference; fileEncoding = 4; lastKnownFileType = sourcecode.swift; path = VHomeControlBlenderBoard.swift; sourceTree = "<group>"; };
		DA505F4F1E0B51EB00CE22FE /* VHomeControlBlenderPieces.swift */ = {isa = PBXFileReference; fileEncoding = 4; lastKnownFileType = sourcecode.swift; path = VHomeControlBlenderPieces.swift; sourceTree = "<group>"; };
		DA505F511E0B535D00CE22FE /* VHomeControlBlenderGesturer.swift */ = {isa = PBXFileReference; fileEncoding = 4; lastKnownFileType = sourcecode.swift; path = VHomeControlBlenderGesturer.swift; sourceTree = "<group>"; };
		DA505F531E0B557400CE22FE /* VHomeControlBlenderPiecesItem.swift */ = {isa = PBXFileReference; fileEncoding = 4; lastKnownFileType = sourcecode.swift; path = VHomeControlBlenderPiecesItem.swift; sourceTree = "<group>"; };
		DA913DF41E049238000565D6 /* home.xcassets */ = {isa = PBXFileReference; lastKnownFileType = folder.assetcatalog; path = home.xcassets; sourceTree = "<group>"; };
		DA96FE7F1E03653100FD5265 /* looper.app */ = {isa = PBXFileReference; explicitFileType = wrapper.application; includeInIndex = 0; path = looper.app; sourceTree = BUILT_PRODUCTS_DIR; };
		DA96FE951E03672F00FD5265 /* LaunchScreen.storyboard */ = {isa = PBXFileReference; fileEncoding = 4; lastKnownFileType = file.storyboard; path = LaunchScreen.storyboard; sourceTree = "<group>"; };
		DA96FE981E03672F00FD5265 /* CHome.swift */ = {isa = PBXFileReference; fileEncoding = 4; lastKnownFileType = sourcecode.swift; path = CHome.swift; sourceTree = "<group>"; };
		DA96FE9A1E03672F00FD5265 /* CAppDelegate.swift */ = {isa = PBXFileReference; fileEncoding = 4; lastKnownFileType = sourcecode.swift; path = CAppDelegate.swift; sourceTree = "<group>"; };
		DA96FE9B1E03672F00FD5265 /* CController.swift */ = {isa = PBXFileReference; fileEncoding = 4; lastKnownFileType = sourcecode.swift; path = CController.swift; sourceTree = "<group>"; };
		DA96FE9C1E03672F00FD5265 /* CParent.swift */ = {isa = PBXFileReference; fileEncoding = 4; lastKnownFileType = sourcecode.swift; path = CParent.swift; sourceTree = "<group>"; };
		DA96FE9E1E03672F00FD5265 /* ExtensionFileManager.swift */ = {isa = PBXFileReference; fileEncoding = 4; lastKnownFileType = sourcecode.swift; path = ExtensionFileManager.swift; sourceTree = "<group>"; };
		DA96FE9F1E03672F00FD5265 /* ExtensionNotification.swift */ = {isa = PBXFileReference; fileEncoding = 4; lastKnownFileType = sourcecode.swift; path = ExtensionNotification.swift; sourceTree = "<group>"; };
		DA96FEA01E03672F00FD5265 /* ExtensionNSManagedObject.swift */ = {isa = PBXFileReference; fileEncoding = 4; lastKnownFileType = sourcecode.swift; path = ExtensionNSManagedObject.swift; sourceTree = "<group>"; };
		DA96FEA11E03672F00FD5265 /* ExtensionUICollectionReusableView.swift */ = {isa = PBXFileReference; fileEncoding = 4; lastKnownFileType = sourcecode.swift; path = ExtensionUICollectionReusableView.swift; sourceTree = "<group>"; };
		DA96FEA21E03672F00FD5265 /* ExtensionUIColor.swift */ = {isa = PBXFileReference; fileEncoding = 4; lastKnownFileType = sourcecode.swift; path = ExtensionUIColor.swift; sourceTree = "<group>"; };
		DA96FEA31E03672F00FD5265 /* ExtensionUIFont.swift */ = {isa = PBXFileReference; fileEncoding = 4; lastKnownFileType = sourcecode.swift; path = ExtensionUIFont.swift; sourceTree = "<group>"; };
		DA96FEA41E03672F00FD5265 /* Info.plist */ = {isa = PBXFileReference; fileEncoding = 4; lastKnownFileType = text.plist.xml; path = Info.plist; sourceTree = "<group>"; };
		DA96FEA71E03672F00FD5265 /* en */ = {isa = PBXFileReference; lastKnownFileType = text.plist.strings; name = en; path = en.lproj/Localizable.strings; sourceTree = "<group>"; };
		DA96FEA81E03672F00FD5265 /* es */ = {isa = PBXFileReference; lastKnownFileType = text.plist.strings; name = es; path = es.lproj/Localizable.strings; sourceTree = "<group>"; };
		DA96FECE1E03672F00FD5265 /* VAlert.swift */ = {isa = PBXFileReference; fileEncoding = 4; lastKnownFileType = sourcecode.swift; path = VAlert.swift; sourceTree = "<group>"; };
		DA96FECF1E03672F00FD5265 /* VParent.swift */ = {isa = PBXFileReference; fileEncoding = 4; lastKnownFileType = sourcecode.swift; path = VParent.swift; sourceTree = "<group>"; };
		DA96FED11E03672F00FD5265 /* VSpinner.swift */ = {isa = PBXFileReference; fileEncoding = 4; lastKnownFileType = sourcecode.swift; path = VSpinner.swift; sourceTree = "<group>"; };
		DA96FED21E03672F00FD5265 /* VView.swift */ = {isa = PBXFileReference; fileEncoding = 4; lastKnownFileType = sourcecode.swift; path = VView.swift; sourceTree = "<group>"; };
		DA9B83C41E12DCB8002B9810 /* CCamera.swift */ = {isa = PBXFileReference; fileEncoding = 4; lastKnownFileType = sourcecode.swift; path = CCamera.swift; sourceTree = "<group>"; };
		DA9D2F301E0ADF57003E37D5 /* VHomeControlCamera.swift */ = {isa = PBXFileReference; fileEncoding = 4; lastKnownFileType = sourcecode.swift; path = VHomeControlCamera.swift; sourceTree = "<group>"; };
		DA9D2F311E0ADF57003E37D5 /* VHomeControlCameraMenu.swift */ = {isa = PBXFileReference; fileEncoding = 4; lastKnownFileType = sourcecode.swift; path = VHomeControlCameraMenu.swift; sourceTree = "<group>"; };
		DA9D2F321E0ADF57003E37D5 /* VHomeControlCameraMenuTrigger.swift */ = {isa = PBXFileReference; fileEncoding = 4; lastKnownFileType = sourcecode.swift; path = VHomeControlCameraMenuTrigger.swift; sourceTree = "<group>"; };
		DA9D2F331E0ADF57003E37D5 /* VHomeControlCameraPreview.swift */ = {isa = PBXFileReference; fileEncoding = 4; lastKnownFileType = sourcecode.swift; path = VHomeControlCameraPreview.swift; sourceTree = "<group>"; };
		DA9D2F341E0ADF57003E37D5 /* VHomeControlCameraTicker.swift */ = {isa = PBXFileReference; fileEncoding = 4; lastKnownFileType = sourcecode.swift; path = VHomeControlCameraTicker.swift; sourceTree = "<group>"; };
		DA9D2F361E0ADF57003E37D5 /* VHomeControl.swift */ = {isa = PBXFileReference; fileEncoding = 4; lastKnownFileType = sourcecode.swift; path = VHomeControl.swift; sourceTree = "<group>"; };
		DA9D2F371E0ADF57003E37D5 /* VHomeControlCell.swift */ = {isa = PBXFileReference; fileEncoding = 4; lastKnownFileType = sourcecode.swift; path = VHomeControlCell.swift; sourceTree = "<group>"; };
		DA9D2F3F1E0AE589003E37D5 /* VHomeControlCameraTickerProcess.swift */ = {isa = PBXFileReference; fileEncoding = 4; lastKnownFileType = sourcecode.swift; path = VHomeControlCameraTickerProcess.swift; sourceTree = "<group>"; };
		DA9D2F411E0AE62D003E37D5 /* VHomeControlCameraTickerFrames.swift */ = {isa = PBXFileReference; fileEncoding = 4; lastKnownFileType = sourcecode.swift; path = VHomeControlCameraTickerFrames.swift; sourceTree = "<group>"; };
		DA9D2F441E0AFBE1003E37D5 /* MHomeFrames.swift */ = {isa = PBXFileReference; fileEncoding = 4; lastKnownFileType = sourcecode.swift; path = MHomeFrames.swift; sourceTree = "<group>"; };
		DA9D2F461E0AFC2A003E37D5 /* MHomeFramesItem.swift */ = {isa = PBXFileReference; fileEncoding = 4; lastKnownFileType = sourcecode.swift; path = MHomeFramesItem.swift; sourceTree = "<group>"; };
		DA9D2F481E0AFCDF003E37D5 /* MHomeFramesItem1.swift */ = {isa = PBXFileReference; fileEncoding = 4; lastKnownFileType = sourcecode.swift; path = MHomeFramesItem1.swift; sourceTree = "<group>"; };
		DA9D2F4A1E0AFE0A003E37D5 /* MHomeFramesItem5.swift */ = {isa = PBXFileReference; fileEncoding = 4; lastKnownFileType = sourcecode.swift; path = MHomeFramesItem5.swift; sourceTree = "<group>"; };
		DA9D2F4C1E0AFE13003E37D5 /* MHomeFramesItem10.swift */ = {isa = PBXFileReference; fileEncoding = 4; lastKnownFileType = sourcecode.swift; path = MHomeFramesItem10.swift; sourceTree = "<group>"; };
		DA9D2F4E1E0AFE1F003E37D5 /* MHomeFramesItem15.swift */ = {isa = PBXFileReference; fileEncoding = 4; lastKnownFileType = sourcecode.swift; path = MHomeFramesItem15.swift; sourceTree = "<group>"; };
		DA9D2F501E0AFE28003E37D5 /* MHomeFramesItem20.swift */ = {isa = PBXFileReference; fileEncoding = 4; lastKnownFileType = sourcecode.swift; path = MHomeFramesItem20.swift; sourceTree = "<group>"; };
		DA9D2F521E0AFE31003E37D5 /* MHomeFramesItem30.swift */ = {isa = PBXFileReference; fileEncoding = 4; lastKnownFileType = sourcecode.swift; path = MHomeFramesItem30.swift; sourceTree = "<group>"; };
		DA9D2F541E0AFE41003E37D5 /* MHomeFramesItem45.swift */ = {isa = PBXFileReference; fileEncoding = 4; lastKnownFileType = sourcecode.swift; path = MHomeFramesItem45.swift; sourceTree = "<group>"; };
		DA9D2F561E0AFE4B003E37D5 /* MHomeFramesItem60.swift */ = {isa = PBXFileReference; fileEncoding = 4; lastKnownFileType = sourcecode.swift; path = MHomeFramesItem60.swift; sourceTree = "<group>"; };
		DA9D2F581E0AFFD1003E37D5 /* MHomeFramesItem2.swift */ = {isa = PBXFileReference; fileEncoding = 4; lastKnownFileType = sourcecode.swift; path = MHomeFramesItem2.swift; sourceTree = "<group>"; };
		DAA68D5C1E09C31500A830A2 /* VHomePlayerTimer.swift */ = {isa = PBXFileReference; fileEncoding = 4; lastKnownFileType = sourcecode.swift; path = VHomePlayerTimer.swift; sourceTree = "<group>"; };
		DAA68D5E1E09C7D200A830A2 /* VHomePlayerTimerSlider.swift */ = {isa = PBXFileReference; fileEncoding = 4; lastKnownFileType = sourcecode.swift; path = VHomePlayerTimerSlider.swift; sourceTree = "<group>"; };
		DAB333E81E05DBBC003436C0 /* MHomeImage.swift */ = {isa = PBXFileReference; fileEncoding = 4; lastKnownFileType = sourcecode.swift; path = MHomeImage.swift; sourceTree = "<group>"; };
		DAB333EC1E05DBEC003436C0 /* MHomeImageSequence.swift */ = {isa = PBXFileReference; fileEncoding = 4; lastKnownFileType = sourcecode.swift; path = MHomeImageSequence.swift; sourceTree = "<group>"; };
		DAB333EE1E05DC1A003436C0 /* MHomeImageSequenceItem.swift */ = {isa = PBXFileReference; fileEncoding = 4; lastKnownFileType = sourcecode.swift; path = MHomeImageSequenceItem.swift; sourceTree = "<group>"; };
		DAC7D3FA1E12C37D00312D4E /* CLoops.swift */ = {isa = PBXFileReference; fileEncoding = 4; lastKnownFileType = sourcecode.swift; path = CLoops.swift; sourceTree = "<group>"; };
		DAC7D3FD1E12C3BC00312D4E /* VLoops.swift */ = {isa = PBXFileReference; fileEncoding = 4; lastKnownFileType = sourcecode.swift; path = VLoops.swift; sourceTree = "<group>"; };
		DAC7D3FF1E12CDFC00312D4E /* VParentBarButton.swift */ = {isa = PBXFileReference; fileEncoding = 4; lastKnownFileType = sourcecode.swift; path = VParentBarButton.swift; sourceTree = "<group>"; };
		DAD778E21E1060F5009B1A81 /* VHomeControlSequences.swift */ = {isa = PBXFileReference; fileEncoding = 4; lastKnownFileType = sourcecode.swift; path = VHomeControlSequences.swift; sourceTree = "<group>"; };
		DAD778E41E10634D009B1A81 /* VHomeControlSequencesMenu.swift */ = {isa = PBXFileReference; fileEncoding = 4; lastKnownFileType = sourcecode.swift; path = VHomeControlSequencesMenu.swift; sourceTree = "<group>"; };
		DAD778E61E106665009B1A81 /* MHomeControlItemSequences.swift */ = {isa = PBXFileReference; fileEncoding = 4; lastKnownFileType = sourcecode.swift; path = MHomeControlItemSequences.swift; sourceTree = "<group>"; };
		DAD778E81E1174D7009B1A81 /* brand.xcassets */ = {isa = PBXFileReference; lastKnownFileType = folder.assetcatalog; path = brand.xcassets; sourceTree = "<group>"; };
		DAD778EA1E117667009B1A81 /* generic.xcassets */ = {isa = PBXFileReference; lastKnownFileType = folder.assetcatalog; path = generic.xcassets; sourceTree = "<group>"; };
		DAD778EC1E11788D009B1A81 /* spinner.xcassets */ = {isa = PBXFileReference; lastKnownFileType = folder.assetcatalog; path = spinner.xcassets; sourceTree = "<group>"; };
		DAFFF3F31E0847D500E14F12 /* VHomeTimelineCell.swift */ = {isa = PBXFileReference; fileEncoding = 4; lastKnownFileType = sourcecode.swift; path = VHomeTimelineCell.swift; sourceTree = "<group>"; };
		DAFFF3F51E0856AC00E14F12 /* MHomeImageSequenceRaw.swift */ = {isa = PBXFileReference; fileEncoding = 4; lastKnownFileType = sourcecode.swift; path = MHomeImageSequenceRaw.swift; sourceTree = "<group>"; };
		DAFFF3F71E0856B700E14F12 /* MHomeImageSequenceGenerated.swift */ = {isa = PBXFileReference; fileEncoding = 4; lastKnownFileType = sourcecode.swift; path = MHomeImageSequenceGenerated.swift; sourceTree = "<group>"; };
		DAFFF3FA1E085C4900E14F12 /* VHomePlayer.swift */ = {isa = PBXFileReference; fileEncoding = 4; lastKnownFileType = sourcecode.swift; path = VHomePlayer.swift; sourceTree = "<group>"; };
		DAFFF3FF1E08A78100E14F12 /* MSession.swift */ = {isa = PBXFileReference; fileEncoding = 4; lastKnownFileType = sourcecode.swift; path = MSession.swift; sourceTree = "<group>"; };
/* End PBXFileReference section */

/* Begin PBXFrameworksBuildPhase section */
		DA96FE7C1E03653100FD5265 /* Frameworks */ = {
			isa = PBXFrameworksBuildPhase;
			buildActionMask = 2147483647;
			files = (
			);
			runOnlyForDeploymentPostprocessing = 0;
		};
/* End PBXFrameworksBuildPhase section */

/* Begin PBXGroup section */
		DA20F0B41E04449C00F8BAD4 /* Model */ = {
			isa = PBXGroup;
			children = (
				DAFFF3FE1E08A77400E14F12 /* Session */,
				DA20F0B51E0444C900F8BAD4 /* Home */,
			);
			path = Model;
			sourceTree = "<group>";
		};
		DA20F0B51E0444C900F8BAD4 /* Home */ = {
			isa = PBXGroup;
			children = (
				DA9D2F431E0AFBD5003E37D5 /* Frames */,
				DAB333E71E05DB46003436C0 /* Image */,
				DA20F0B61E0444C900F8BAD4 /* Control */,
			);
			path = Home;
			sourceTree = "<group>";
		};
		DA20F0B61E0444C900F8BAD4 /* Control */ = {
			isa = PBXGroup;
			children = (
				DA20F0B71E0444D500F8BAD4 /* MHomeControl.swift */,
				DA20F0B91E0444E800F8BAD4 /* MHomeControlItem.swift */,
				DA20F0C91E0452CA00F8BAD4 /* MHomeControlItemCamera.swift */,
				DA505F461E0B3CF900CE22FE /* MHomeControlItemBlender.swift */,
				DAD778E61E106665009B1A81 /* MHomeControlItemSequences.swift */,
			);
			path = Control;
			sourceTree = "<group>";
		};
		DA20F0BB1E0446C300F8BAD4 /* Base */ = {
			isa = PBXGroup;
			children = (
				DA20F0BC1E0446C300F8BAD4 /* VHome.swift */,
			);
			path = Base;
			sourceTree = "<group>";
		};
		DA20F0BD1E0446C300F8BAD4 /* Control */ = {
			isa = PBXGroup;
			children = (
				DAD778E11E1060E8009B1A81 /* Sequences */,
				DA505F481E0B46F200CE22FE /* Blender */,
				DA9D2F2F1E0ADF57003E37D5 /* Camera */,
				DA9D2F351E0ADF57003E37D5 /* Collection */,
			);
			path = Control;
			sourceTree = "<group>";
		};
		DA20F0BF1E0446C300F8BAD4 /* Display */ = {
			isa = PBXGroup;
			children = (
				DA20F0C01E0446C300F8BAD4 /* VHomeDisplay.swift */,
			);
			path = Display;
			sourceTree = "<group>";
		};
		DA20F0C11E0446C300F8BAD4 /* Timeline */ = {
			isa = PBXGroup;
			children = (
				DA20F0C21E0446C300F8BAD4 /* VHomeTimeline.swift */,
				DAFFF3F31E0847D500E14F12 /* VHomeTimelineCell.swift */,
			);
			path = Timeline;
			sourceTree = "<group>";
		};
		DA20F3841E0D754100D9EBAC /* Metal */ = {
			isa = PBXGroup;
			children = (
				DA20F3851E0D755500D9EBAC /* MetalFilter.swift */,
				DA20F3871E0D78B400D9EBAC /* MetalFilterBlender.metal */,
			);
			path = Metal;
			sourceTree = "<group>";
		};
		DA505F481E0B46F200CE22FE /* Blender */ = {
			isa = PBXGroup;
			children = (
				DA505F491E0B473600CE22FE /* VHomeControlBlender.swift */,
				DA505F511E0B535D00CE22FE /* VHomeControlBlenderGesturer.swift */,
				DA505F4F1E0B51EB00CE22FE /* VHomeControlBlenderPieces.swift */,
				DA505F531E0B557400CE22FE /* VHomeControlBlenderPiecesItem.swift */,
				DA505F4D1E0B4F1100CE22FE /* VHomeControlBlenderBoard.swift */,
				DA35021D1E0C505100CBDF64 /* VHomeControlBlenderBoardMain.swift */,
				DA35021F1E0C5EC700CBDF64 /* VHomeControlBlenderBoardOver.swift */,
				DA505F4B1E0B4C9F00CE22FE /* VHomeControlBlenderMenu.swift */,
			);
			path = Blender;
			sourceTree = "<group>";
		};
		DA96FE761E03653100FD5265 = {
			isa = PBXGroup;
			children = (
				DA96FE811E03653100FD5265 /* looper */,
				DA96FE801E03653100FD5265 /* Products */,
			);
			sourceTree = "<group>";
		};
		DA96FE801E03653100FD5265 /* Products */ = {
			isa = PBXGroup;
			children = (
				DA96FE7F1E03653100FD5265 /* looper.app */,
			);
			name = Products;
			sourceTree = "<group>";
		};
		DA96FE811E03653100FD5265 /* looper */ = {
			isa = PBXGroup;
			children = (
				DA20F3841E0D754100D9EBAC /* Metal */,
				DA96FE941E03672F00FD5265 /* Assets */,
				DA20F0B41E04449C00F8BAD4 /* Model */,
				DA96FE961E03672F00FD5265 /* Controller */,
				DA96FE9D1E03672F00FD5265 /* Extensions */,
				DA96FEA41E03672F00FD5265 /* Info.plist */,
				DA96FEA51E03672F00FD5265 /* Resource */,
				DA96FEA91E03672F00FD5265 /* View */,
			);
			path = looper;
			sourceTree = "<group>";
		};
		DA96FE941E03672F00FD5265 /* Assets */ = {
			isa = PBXGroup;
			children = (
				DA96FE951E03672F00FD5265 /* LaunchScreen.storyboard */,
				DA913DF41E049238000565D6 /* home.xcassets */,
				DAD778E81E1174D7009B1A81 /* brand.xcassets */,
				DAD778EA1E117667009B1A81 /* generic.xcassets */,
				DAD778EC1E11788D009B1A81 /* spinner.xcassets */,
			);
			path = Assets;
			sourceTree = "<group>";
		};
		DA96FE961E03672F00FD5265 /* Controller */ = {
			isa = PBXGroup;
			children = (
				DA9B83C21E12DCA6002B9810 /* Camera */,
				DAC7D3F91E12C37500312D4E /* Loops */,
				DA96FE971E03672F00FD5265 /* Home */,
				DA96FE991E03672F00FD5265 /* Main */,
			);
			path = Controller;
			sourceTree = "<group>";
		};
		DA96FE971E03672F00FD5265 /* Home */ = {
			isa = PBXGroup;
			children = (
				DA96FE981E03672F00FD5265 /* CHome.swift */,
			);
			path = Home;
			sourceTree = "<group>";
		};
		DA96FE991E03672F00FD5265 /* Main */ = {
			isa = PBXGroup;
			children = (
				DA96FE9A1E03672F00FD5265 /* CAppDelegate.swift */,
				DA96FE9B1E03672F00FD5265 /* CController.swift */,
				DA96FE9C1E03672F00FD5265 /* CParent.swift */,
			);
			path = Main;
			sourceTree = "<group>";
		};
		DA96FE9D1E03672F00FD5265 /* Extensions */ = {
			isa = PBXGroup;
			children = (
				DA96FE9E1E03672F00FD5265 /* ExtensionFileManager.swift */,
				DA96FE9F1E03672F00FD5265 /* ExtensionNotification.swift */,
				DA96FEA01E03672F00FD5265 /* ExtensionNSManagedObject.swift */,
				DA96FEA11E03672F00FD5265 /* ExtensionUICollectionReusableView.swift */,
				DA96FEA21E03672F00FD5265 /* ExtensionUIColor.swift */,
				DA96FEA31E03672F00FD5265 /* ExtensionUIFont.swift */,
				DA41E6821E0373F600B1BE84 /* ExtensionNSLayoutConstraint.swift */,
				DA20F3891E0D7A9100D9EBAC /* ExtensionMTLTexture.swift */,
			);
			path = Extensions;
			sourceTree = "<group>";
		};
		DA96FEA51E03672F00FD5265 /* Resource */ = {
			isa = PBXGroup;
			children = (
				DA96FEA61E03672F00FD5265 /* Localizable.strings */,
			);
			path = Resource;
			sourceTree = "<group>";
		};
		DA96FEA91E03672F00FD5265 /* View */ = {
			isa = PBXGroup;
			children = (
				DA9B83C31E12DCAE002B9810 /* Camera */,
				DAC7D3FC1E12C3B500312D4E /* Loops */,
				DA96FEAA1E03672F00FD5265 /* Home */,
				DA96FECD1E03672F00FD5265 /* Main */,
			);
			path = View;
			sourceTree = "<group>";
		};
		DA96FEAA1E03672F00FD5265 /* Home */ = {
			isa = PBXGroup;
			children = (
				DA20F0BB1E0446C300F8BAD4 /* Base */,
				DAFFF3F91E085C3F00E14F12 /* Player */,
				DA20F0BD1E0446C300F8BAD4 /* Control */,
				DA20F0BF1E0446C300F8BAD4 /* Display */,
				DA20F0C11E0446C300F8BAD4 /* Timeline */,
			);
			path = Home;
			sourceTree = "<group>";
		};
		DA96FECD1E03672F00FD5265 /* Main */ = {
			isa = PBXGroup;
			children = (
				DA96FECE1E03672F00FD5265 /* VAlert.swift */,
				DA96FECF1E03672F00FD5265 /* VParent.swift */,
				DA2518761E12BF7D00C1801B /* VParentBar.swift */,
				DAC7D3FF1E12CDFC00312D4E /* VParentBarButton.swift */,
				DA96FED11E03672F00FD5265 /* VSpinner.swift */,
				DA96FED21E03672F00FD5265 /* VView.swift */,
			);
			path = Main;
			sourceTree = "<group>";
		};
		DA9B83C21E12DCA6002B9810 /* Camera */ = {
			isa = PBXGroup;
			children = (
				DA9B83C41E12DCB8002B9810 /* CCamera.swift */,
			);
			path = Camera;
			sourceTree = "<group>";
		};
		DA9B83C31E12DCAE002B9810 /* Camera */ = {
			isa = PBXGroup;
			children = (
			);
			path = Camera;
			sourceTree = "<group>";
		};
		DA9D2F2F1E0ADF57003E37D5 /* Camera */ = {
			isa = PBXGroup;
			children = (
				DA9D2F301E0ADF57003E37D5 /* VHomeControlCamera.swift */,
				DA9D2F311E0ADF57003E37D5 /* VHomeControlCameraMenu.swift */,
				DA9D2F321E0ADF57003E37D5 /* VHomeControlCameraMenuTrigger.swift */,
				DA9D2F331E0ADF57003E37D5 /* VHomeControlCameraPreview.swift */,
				DA9D2F341E0ADF57003E37D5 /* VHomeControlCameraTicker.swift */,
				DA9D2F3F1E0AE589003E37D5 /* VHomeControlCameraTickerProcess.swift */,
				DA9D2F411E0AE62D003E37D5 /* VHomeControlCameraTickerFrames.swift */,
			);
			path = Camera;
			sourceTree = "<group>";
		};
		DA9D2F351E0ADF57003E37D5 /* Collection */ = {
			isa = PBXGroup;
			children = (
				DA9D2F361E0ADF57003E37D5 /* VHomeControl.swift */,
				DA9D2F371E0ADF57003E37D5 /* VHomeControlCell.swift */,
			);
			path = Collection;
			sourceTree = "<group>";
		};
		DA9D2F431E0AFBD5003E37D5 /* Frames */ = {
			isa = PBXGroup;
			children = (
				DA9D2F441E0AFBE1003E37D5 /* MHomeFrames.swift */,
				DA9D2F461E0AFC2A003E37D5 /* MHomeFramesItem.swift */,
				DA9D2F481E0AFCDF003E37D5 /* MHomeFramesItem1.swift */,
				DA9D2F581E0AFFD1003E37D5 /* MHomeFramesItem2.swift */,
				DA9D2F4A1E0AFE0A003E37D5 /* MHomeFramesItem5.swift */,
				DA9D2F4C1E0AFE13003E37D5 /* MHomeFramesItem10.swift */,
				DA9D2F4E1E0AFE1F003E37D5 /* MHomeFramesItem15.swift */,
				DA9D2F501E0AFE28003E37D5 /* MHomeFramesItem20.swift */,
				DA9D2F521E0AFE31003E37D5 /* MHomeFramesItem30.swift */,
				DA9D2F541E0AFE41003E37D5 /* MHomeFramesItem45.swift */,
				DA9D2F561E0AFE4B003E37D5 /* MHomeFramesItem60.swift */,
			);
			path = Frames;
			sourceTree = "<group>";
		};
		DAB333E71E05DB46003436C0 /* Image */ = {
			isa = PBXGroup;
			children = (
				DAB333E81E05DBBC003436C0 /* MHomeImage.swift */,
				DAB333EC1E05DBEC003436C0 /* MHomeImageSequence.swift */,
				DAFFF3F51E0856AC00E14F12 /* MHomeImageSequenceRaw.swift */,
				DA20F38B1E0D8AC700D9EBAC /* MHomeImageSequenceRawPoint.swift */,
				DAFFF3F71E0856B700E14F12 /* MHomeImageSequenceGenerated.swift */,
				DAB333EE1E05DC1A003436C0 /* MHomeImageSequenceItem.swift */,
			);
			path = Image;
			sourceTree = "<group>";
		};
		DAC7D3F91E12C37500312D4E /* Loops */ = {
			isa = PBXGroup;
			children = (
				DAC7D3FA1E12C37D00312D4E /* CLoops.swift */,
			);
			path = Loops;
			sourceTree = "<group>";
		};
		DAC7D3FC1E12C3B500312D4E /* Loops */ = {
			isa = PBXGroup;
			children = (
				DAC7D3FD1E12C3BC00312D4E /* VLoops.swift */,
			);
			path = Loops;
			sourceTree = "<group>";
		};
		DAD778E11E1060E8009B1A81 /* Sequences */ = {
			isa = PBXGroup;
			children = (
				DAD778E21E1060F5009B1A81 /* VHomeControlSequences.swift */,
				DAD778E41E10634D009B1A81 /* VHomeControlSequencesMenu.swift */,
			);
			path = Sequences;
			sourceTree = "<group>";
		};
		DAFFF3F91E085C3F00E14F12 /* Player */ = {
			isa = PBXGroup;
			children = (
				DAFFF3FA1E085C4900E14F12 /* VHomePlayer.swift */,
				DA235C761E098D9800277550 /* VHomePlayerBoard.swift */,
				DA235C781E098DA900277550 /* VHomePlayerBoardMain.swift */,
				DAA68D5C1E09C31500A830A2 /* VHomePlayerTimer.swift */,
				DAA68D5E1E09C7D200A830A2 /* VHomePlayerTimerSlider.swift */,
			);
			path = Player;
			sourceTree = "<group>";
		};
		DAFFF3FE1E08A77400E14F12 /* Session */ = {
			isa = PBXGroup;
			children = (
				DAFFF3FF1E08A78100E14F12 /* MSession.swift */,
			);
			path = Session;
			sourceTree = "<group>";
		};
/* End PBXGroup section */

/* Begin PBXNativeTarget section */
		DA96FE7E1E03653100FD5265 /* looper */ = {
			isa = PBXNativeTarget;
			buildConfigurationList = DA96FE911E03653100FD5265 /* Build configuration list for PBXNativeTarget "looper" */;
			buildPhases = (
				DA96FE7B1E03653100FD5265 /* Sources */,
				DA96FE7C1E03653100FD5265 /* Frameworks */,
				DA96FE7D1E03653100FD5265 /* Resources */,
			);
			buildRules = (
			);
			dependencies = (
			);
			name = looper;
			productName = looper;
			productReference = DA96FE7F1E03653100FD5265 /* looper.app */;
			productType = "com.apple.product-type.application";
		};
/* End PBXNativeTarget section */

/* Begin PBXProject section */
		DA96FE771E03653100FD5265 /* Project object */ = {
			isa = PBXProject;
			attributes = {
				LastSwiftUpdateCheck = 0810;
				LastUpgradeCheck = 0810;
				ORGANIZATIONNAME = iturbide;
				TargetAttributes = {
					DA96FE7E1E03653100FD5265 = {
						CreatedOnToolsVersion = 8.1;
						DevelopmentTeam = 7AMWG3RLHN;
						ProvisioningStyle = Automatic;
					};
				};
			};
			buildConfigurationList = DA96FE7A1E03653100FD5265 /* Build configuration list for PBXProject "looper" */;
			compatibilityVersion = "Xcode 3.2";
			developmentRegion = English;
			hasScannedForEncodings = 0;
			knownRegions = (
				en,
				es,
			);
			mainGroup = DA96FE761E03653100FD5265;
			productRefGroup = DA96FE801E03653100FD5265 /* Products */;
			projectDirPath = "";
			projectRoot = "";
			targets = (
				DA96FE7E1E03653100FD5265 /* looper */,
			);
		};
/* End PBXProject section */

/* Begin PBXResourcesBuildPhase section */
		DA96FE7D1E03653100FD5265 /* Resources */ = {
			isa = PBXResourcesBuildPhase;
			buildActionMask = 2147483647;
			files = (
				DA96FEEA1E03672F00FD5265 /* Localizable.strings in Resources */,
				DAD778ED1E11788D009B1A81 /* spinner.xcassets in Resources */,
				DAD778E91E1174D7009B1A81 /* brand.xcassets in Resources */,
				DA913DF51E049238000565D6 /* home.xcassets in Resources */,
				DAD778EB1E117667009B1A81 /* generic.xcassets in Resources */,
				DA96FEDE1E03672F00FD5265 /* LaunchScreen.storyboard in Resources */,
			);
			runOnlyForDeploymentPostprocessing = 0;
		};
/* End PBXResourcesBuildPhase section */

/* Begin PBXSourcesBuildPhase section */
		DA96FE7B1E03653100FD5265 /* Sources */ = {
			isa = PBXSourcesBuildPhase;
			buildActionMask = 2147483647;
			files = (
				DA96FEE31E03672F00FD5265 /* ExtensionFileManager.swift in Sources */,
				DA20F38A1E0D7A9100D9EBAC /* ExtensionMTLTexture.swift in Sources */,
				DAFFF3F81E0856B700E14F12 /* MHomeImageSequenceGenerated.swift in Sources */,
				DA96FEE01E03672F00FD5265 /* CAppDelegate.swift in Sources */,
				DA9D2F3D1E0ADF57003E37D5 /* VHomeControl.swift in Sources */,
				DA235C791E098DA900277550 /* VHomePlayerBoardMain.swift in Sources */,
				DA96FF071E03672F00FD5265 /* VView.swift in Sources */,
				DA96FEE41E03672F00FD5265 /* ExtensionNotification.swift in Sources */,
				DA96FF061E03672F00FD5265 /* VSpinner.swift in Sources */,
				DAC7D4001E12CDFC00312D4E /* VParentBarButton.swift in Sources */,
				DA96FEE21E03672F00FD5265 /* CParent.swift in Sources */,
				DA9D2F3E1E0ADF57003E37D5 /* VHomeControlCell.swift in Sources */,
				DAA68D5D1E09C31500A830A2 /* VHomePlayerTimer.swift in Sources */,
				DA2518771E12BF7D00C1801B /* VParentBar.swift in Sources */,
				DA9D2F4F1E0AFE1F003E37D5 /* MHomeFramesItem15.swift in Sources */,
				DA96FEE71E03672F00FD5265 /* ExtensionUIColor.swift in Sources */,
				DA9D2F551E0AFE41003E37D5 /* MHomeFramesItem45.swift in Sources */,
				DA9D2F421E0AE62D003E37D5 /* VHomeControlCameraTickerFrames.swift in Sources */,
				DA35021E1E0C505100CBDF64 /* VHomeControlBlenderBoardMain.swift in Sources */,
				DA41E6831E0373F600B1BE84 /* ExtensionNSLayoutConstraint.swift in Sources */,
				DA20F38C1E0D8AC700D9EBAC /* MHomeImageSequenceRawPoint.swift in Sources */,
				DAD778E71E106665009B1A81 /* MHomeControlItemSequences.swift in Sources */,
				DA9D2F3B1E0ADF57003E37D5 /* VHomeControlCameraPreview.swift in Sources */,
				DA505F4E1E0B4F1100CE22FE /* VHomeControlBlenderBoard.swift in Sources */,
				DA505F4C1E0B4C9F00CE22FE /* VHomeControlBlenderMenu.swift in Sources */,
				DA20F0BA1E0444E800F8BAD4 /* MHomeControlItem.swift in Sources */,
				DA3502201E0C5EC700CBDF64 /* VHomeControlBlenderBoardOver.swift in Sources */,
				DAC7D3FE1E12C3BC00312D4E /* VLoops.swift in Sources */,
				DA9D2F381E0ADF57003E37D5 /* VHomeControlCamera.swift in Sources */,
				DA9D2F4B1E0AFE0A003E37D5 /* MHomeFramesItem5.swift in Sources */,
				DAB333E91E05DBBC003436C0 /* MHomeImage.swift in Sources */,
				DAD778E31E1060F5009B1A81 /* VHomeControlSequences.swift in Sources */,
				DAFFF3F41E0847D500E14F12 /* VHomeTimelineCell.swift in Sources */,
				DA9D2F4D1E0AFE13003E37D5 /* MHomeFramesItem10.swift in Sources */,
				DA9D2F591E0AFFD1003E37D5 /* MHomeFramesItem2.swift in Sources */,
				DA96FEE51E03672F00FD5265 /* ExtensionNSManagedObject.swift in Sources */,
				DA96FF031E03672F00FD5265 /* VAlert.swift in Sources */,
				DA9D2F531E0AFE31003E37D5 /* MHomeFramesItem30.swift in Sources */,
				DA96FEE81E03672F00FD5265 /* ExtensionUIFont.swift in Sources */,
				DA20F0B81E0444D500F8BAD4 /* MHomeControl.swift in Sources */,
				DA9D2F391E0ADF57003E37D5 /* VHomeControlCameraMenu.swift in Sources */,
				DAFFF3F61E0856AC00E14F12 /* MHomeImageSequenceRaw.swift in Sources */,
				DA96FF041E03672F00FD5265 /* VParent.swift in Sources */,
				DA505F4A1E0B473600CE22FE /* VHomeControlBlender.swift in Sources */,
				DA20F0C51E0446C300F8BAD4 /* VHomeDisplay.swift in Sources */,
				DA9D2F451E0AFBE1003E37D5 /* MHomeFrames.swift in Sources */,
				DA505F501E0B51EB00CE22FE /* VHomeControlBlenderPieces.swift in Sources */,
				DA9D2F491E0AFCDF003E37D5 /* MHomeFramesItem1.swift in Sources */,
				DA235C771E098D9800277550 /* VHomePlayerBoard.swift in Sources */,
				DA505F471E0B3CF900CE22FE /* MHomeControlItemBlender.swift in Sources */,
				DA9D2F571E0AFE4B003E37D5 /* MHomeFramesItem60.swift in Sources */,
				DAB333ED1E05DBEC003436C0 /* MHomeImageSequence.swift in Sources */,
				DAC7D3FB1E12C37D00312D4E /* CLoops.swift in Sources */,
				DA20F0CA1E0452CA00F8BAD4 /* MHomeControlItemCamera.swift in Sources */,
				DA20F3881E0D78B400D9EBAC /* MetalFilterBlender.metal in Sources */,
				DA96FEDF1E03672F00FD5265 /* CHome.swift in Sources */,
				DAD778E51E10634D009B1A81 /* VHomeControlSequencesMenu.swift in Sources */,
				DA9D2F511E0AFE28003E37D5 /* MHomeFramesItem20.swift in Sources */,
				DA20F0C31E0446C300F8BAD4 /* VHome.swift in Sources */,
				DA9D2F401E0AE589003E37D5 /* VHomeControlCameraTickerProcess.swift in Sources */,
				DAFFF3FB1E085C4900E14F12 /* VHomePlayer.swift in Sources */,
				DA9D2F471E0AFC2A003E37D5 /* MHomeFramesItem.swift in Sources */,
				DA505F541E0B557400CE22FE /* VHomeControlBlenderPiecesItem.swift in Sources */,
				DA20F0C61E0446C300F8BAD4 /* VHomeTimeline.swift in Sources */,
				DAA68D5F1E09C7D200A830A2 /* VHomePlayerTimerSlider.swift in Sources */,
				DAB333EF1E05DC1A003436C0 /* MHomeImageSequenceItem.swift in Sources */,
				DA9B83C51E12DCB8002B9810 /* CCamera.swift in Sources */,
				DA9D2F3A1E0ADF57003E37D5 /* VHomeControlCameraMenuTrigger.swift in Sources */,
				DA9D2F3C1E0ADF57003E37D5 /* VHomeControlCameraTicker.swift in Sources */,
				DA20F3861E0D755500D9EBAC /* MetalFilter.swift in Sources */,
				DA96FEE11E03672F00FD5265 /* CController.swift in Sources */,
				DA505F521E0B535D00CE22FE /* VHomeControlBlenderGesturer.swift in Sources */,
				DAFFF4001E08A78100E14F12 /* MSession.swift in Sources */,
				DA96FEE61E03672F00FD5265 /* ExtensionUICollectionReusableView.swift in Sources */,
			);
			runOnlyForDeploymentPostprocessing = 0;
		};
/* End PBXSourcesBuildPhase section */

/* Begin PBXVariantGroup section */
		DA96FEA61E03672F00FD5265 /* Localizable.strings */ = {
			isa = PBXVariantGroup;
			children = (
				DA96FEA71E03672F00FD5265 /* en */,
				DA96FEA81E03672F00FD5265 /* es */,
			);
			name = Localizable.strings;
			sourceTree = "<group>";
		};
/* End PBXVariantGroup section */

/* Begin XCBuildConfiguration section */
		DA96FE8F1E03653100FD5265 /* Debug */ = {
			isa = XCBuildConfiguration;
			buildSettings = {
				ALWAYS_SEARCH_USER_PATHS = NO;
				CLANG_ANALYZER_NONNULL = YES;
				CLANG_CXX_LANGUAGE_STANDARD = "gnu++0x";
				CLANG_CXX_LIBRARY = "libc++";
				CLANG_ENABLE_MODULES = YES;
				CLANG_ENABLE_OBJC_ARC = YES;
				CLANG_WARN_BOOL_CONVERSION = YES;
				CLANG_WARN_CONSTANT_CONVERSION = YES;
				CLANG_WARN_DIRECT_OBJC_ISA_USAGE = YES_ERROR;
				CLANG_WARN_DOCUMENTATION_COMMENTS = YES;
				CLANG_WARN_EMPTY_BODY = YES;
				CLANG_WARN_ENUM_CONVERSION = YES;
				CLANG_WARN_INFINITE_RECURSION = YES;
				CLANG_WARN_INT_CONVERSION = YES;
				CLANG_WARN_OBJC_ROOT_CLASS = YES_ERROR;
				CLANG_WARN_SUSPICIOUS_MOVES = YES;
				CLANG_WARN_UNREACHABLE_CODE = YES;
				CLANG_WARN__DUPLICATE_METHOD_MATCH = YES;
				"CODE_SIGN_IDENTITY[sdk=iphoneos*]" = "iPhone Developer";
				COPY_PHASE_STRIP = NO;
				DEBUG_INFORMATION_FORMAT = dwarf;
				ENABLE_STRICT_OBJC_MSGSEND = YES;
				ENABLE_TESTABILITY = YES;
				GCC_C_LANGUAGE_STANDARD = gnu99;
				GCC_DYNAMIC_NO_PIC = NO;
				GCC_NO_COMMON_BLOCKS = YES;
				GCC_OPTIMIZATION_LEVEL = 0;
				GCC_PREPROCESSOR_DEFINITIONS = (
					"DEBUG=1",
					"$(inherited)",
				);
				GCC_WARN_64_TO_32_BIT_CONVERSION = YES;
				GCC_WARN_ABOUT_RETURN_TYPE = YES_ERROR;
				GCC_WARN_UNDECLARED_SELECTOR = YES;
				GCC_WARN_UNINITIALIZED_AUTOS = YES_AGGRESSIVE;
				GCC_WARN_UNUSED_FUNCTION = YES;
				GCC_WARN_UNUSED_VARIABLE = YES;
				IPHONEOS_DEPLOYMENT_TARGET = 9.0;
				MTL_ENABLE_DEBUG_INFO = YES;
				ONLY_ACTIVE_ARCH = YES;
				SDKROOT = iphoneos;
				SWIFT_ACTIVE_COMPILATION_CONDITIONS = DEBUG;
				SWIFT_OPTIMIZATION_LEVEL = "-Onone";
				TARGETED_DEVICE_FAMILY = "1,2";
			};
			name = Debug;
		};
		DA96FE901E03653100FD5265 /* Release */ = {
			isa = XCBuildConfiguration;
			buildSettings = {
				ALWAYS_SEARCH_USER_PATHS = NO;
				CLANG_ANALYZER_NONNULL = YES;
				CLANG_CXX_LANGUAGE_STANDARD = "gnu++0x";
				CLANG_CXX_LIBRARY = "libc++";
				CLANG_ENABLE_MODULES = YES;
				CLANG_ENABLE_OBJC_ARC = YES;
				CLANG_WARN_BOOL_CONVERSION = YES;
				CLANG_WARN_CONSTANT_CONVERSION = YES;
				CLANG_WARN_DIRECT_OBJC_ISA_USAGE = YES_ERROR;
				CLANG_WARN_DOCUMENTATION_COMMENTS = YES;
				CLANG_WARN_EMPTY_BODY = YES;
				CLANG_WARN_ENUM_CONVERSION = YES;
				CLANG_WARN_INFINITE_RECURSION = YES;
				CLANG_WARN_INT_CONVERSION = YES;
				CLANG_WARN_OBJC_ROOT_CLASS = YES_ERROR;
				CLANG_WARN_SUSPICIOUS_MOVES = YES;
				CLANG_WARN_UNREACHABLE_CODE = YES;
				CLANG_WARN__DUPLICATE_METHOD_MATCH = YES;
				"CODE_SIGN_IDENTITY[sdk=iphoneos*]" = "iPhone Developer";
				COPY_PHASE_STRIP = NO;
				DEBUG_INFORMATION_FORMAT = "dwarf-with-dsym";
				ENABLE_NS_ASSERTIONS = NO;
				ENABLE_STRICT_OBJC_MSGSEND = YES;
				GCC_C_LANGUAGE_STANDARD = gnu99;
				GCC_NO_COMMON_BLOCKS = YES;
				GCC_WARN_64_TO_32_BIT_CONVERSION = YES;
				GCC_WARN_ABOUT_RETURN_TYPE = YES_ERROR;
				GCC_WARN_UNDECLARED_SELECTOR = YES;
				GCC_WARN_UNINITIALIZED_AUTOS = YES_AGGRESSIVE;
				GCC_WARN_UNUSED_FUNCTION = YES;
				GCC_WARN_UNUSED_VARIABLE = YES;
				IPHONEOS_DEPLOYMENT_TARGET = 9.0;
				MTL_ENABLE_DEBUG_INFO = NO;
				SDKROOT = iphoneos;
				SWIFT_OPTIMIZATION_LEVEL = "-Owholemodule";
				TARGETED_DEVICE_FAMILY = "1,2";
				VALIDATE_PRODUCT = YES;
			};
			name = Release;
		};
		DA96FE921E03653100FD5265 /* Debug */ = {
			isa = XCBuildConfiguration;
			buildSettings = {
				ASSETCATALOG_COMPILER_APPICON_NAME = AppIcon;
				DEVELOPMENT_TEAM = 7AMWG3RLHN;
				INFOPLIST_FILE = looper/Info.plist;
				LD_RUNPATH_SEARCH_PATHS = "$(inherited) @executable_path/Frameworks";
				PRODUCT_BUNDLE_IDENTIFIER = iturbide.looper;
				PRODUCT_NAME = "$(TARGET_NAME)";
				SWIFT_VERSION = 3.0;
				TARGETED_DEVICE_FAMILY = "1,2";
			};
			name = Debug;
		};
		DA96FE931E03653100FD5265 /* Release */ = {
			isa = XCBuildConfiguration;
			buildSettings = {
				ASSETCATALOG_COMPILER_APPICON_NAME = AppIcon;
				DEVELOPMENT_TEAM = 7AMWG3RLHN;
				INFOPLIST_FILE = looper/Info.plist;
				LD_RUNPATH_SEARCH_PATHS = "$(inherited) @executable_path/Frameworks";
				PRODUCT_BUNDLE_IDENTIFIER = iturbide.looper;
				PRODUCT_NAME = "$(TARGET_NAME)";
				SWIFT_VERSION = 3.0;
				TARGETED_DEVICE_FAMILY = "1,2";
			};
			name = Release;
		};
/* End XCBuildConfiguration section */

/* Begin XCConfigurationList section */
		DA96FE7A1E03653100FD5265 /* Build configuration list for PBXProject "looper" */ = {
			isa = XCConfigurationList;
			buildConfigurations = (
				DA96FE8F1E03653100FD5265 /* Debug */,
				DA96FE901E03653100FD5265 /* Release */,
			);
			defaultConfigurationIsVisible = 0;
			defaultConfigurationName = Release;
		};
		DA96FE911E03653100FD5265 /* Build configuration list for PBXNativeTarget "looper" */ = {
			isa = XCConfigurationList;
			buildConfigurations = (
				DA96FE921E03653100FD5265 /* Debug */,
				DA96FE931E03653100FD5265 /* Release */,
			);
			defaultConfigurationIsVisible = 0;
			defaultConfigurationName = Release;
		};
/* End XCConfigurationList section */
	};
	rootObject = DA96FE771E03653100FD5265 /* Project object */;
}
