// !$*UTF8*$!
{
	archiveVersion = 1;
	classes = {
	};
	objectVersion = 46;
	objects = {

/* Begin PBXBuildFile section */
		DA16042D1F278B250035497C /* VSourceVideoTimeSlider.swift in Sources */ = {isa = PBXBuildFile; fileRef = DA16042C1F278B250035497C /* VSourceVideoTimeSlider.swift */; };
		DA16042F1F2793610035497C /* VSourceVideoTimeNext.swift in Sources */ = {isa = PBXBuildFile; fileRef = DA16042E1F2793610035497C /* VSourceVideoTimeNext.swift */; };
		DA1604311F27A96F0035497C /* VSourceVideoImportProgressThumb.swift in Sources */ = {isa = PBXBuildFile; fileRef = DA1604301F27A96F0035497C /* VSourceVideoImportProgressThumb.swift */; };
		DA1604331F27AD7A0035497C /* VSourceVideoImportProgressBar.swift in Sources */ = {isa = PBXBuildFile; fileRef = DA1604321F27AD7A0035497C /* VSourceVideoImportProgressBar.swift */; };
		DA1604351F27BCC60035497C /* VSourceVideoImportBottom.swift in Sources */ = {isa = PBXBuildFile; fileRef = DA1604341F27BCC60035497C /* VSourceVideoImportBottom.swift */; };
		DA1AFBD71F21C9F6000ADDFA /* MSourceVideo.swift in Sources */ = {isa = PBXBuildFile; fileRef = DA1AFBD61F21C9F6000ADDFA /* MSourceVideo.swift */; };
		DA1AFBD91F21CA2A000ADDFA /* MSourceImage.swift in Sources */ = {isa = PBXBuildFile; fileRef = DA1AFBD81F21CA2A000ADDFA /* MSourceImage.swift */; };
		DA1AFBDB1F21CB39000ADDFA /* MSourceItemVideo.swift in Sources */ = {isa = PBXBuildFile; fileRef = DA1AFBDA1F21CB39000ADDFA /* MSourceItemVideo.swift */; };
		DA1AFBDD1F21CB42000ADDFA /* MSourceItemImage.swift in Sources */ = {isa = PBXBuildFile; fileRef = DA1AFBDC1F21CB42000ADDFA /* MSourceItemImage.swift */; };
		DA1AFBE31F21CBE8000ADDFA /* VSourceVideo.swift in Sources */ = {isa = PBXBuildFile; fileRef = DA1AFBE21F21CBE8000ADDFA /* VSourceVideo.swift */; };
		DA1AFBE51F21CC09000ADDFA /* VSourceImage.swift in Sources */ = {isa = PBXBuildFile; fileRef = DA1AFBE41F21CC09000ADDFA /* VSourceImage.swift */; };
		DA1AFBEA1F21CC80000ADDFA /* CSourceVideo.swift in Sources */ = {isa = PBXBuildFile; fileRef = DA1AFBE91F21CC80000ADDFA /* CSourceVideo.swift */; };
		DA1AFBEC1F21CC9B000ADDFA /* CSourceImage.swift in Sources */ = {isa = PBXBuildFile; fileRef = DA1AFBEB1F21CC9B000ADDFA /* CSourceImage.swift */; };
		DA1AFBEE1F21DE68000ADDFA /* spinner.xcassets in Resources */ = {isa = PBXBuildFile; fileRef = DA1AFBED1F21DE68000ADDFA /* spinner.xcassets */; };
		DA2C08EF1F2108FC00E1381A /* VHomeMenu.swift in Sources */ = {isa = PBXBuildFile; fileRef = DA2C08EE1F2108FC00E1381A /* VHomeMenu.swift */; };
		DA2C08F21F2109AE00E1381A /* Model.swift in Sources */ = {isa = PBXBuildFile; fileRef = DA2C08F11F2109AE00E1381A /* Model.swift */; };
		DA2C08F41F210A9C00E1381A /* MHome.swift in Sources */ = {isa = PBXBuildFile; fileRef = DA2C08F31F210A9C00E1381A /* MHome.swift */; };
		DA2C08F61F210BA100E1381A /* ViewMain.swift in Sources */ = {isa = PBXBuildFile; fileRef = DA2C08F51F210BA100E1381A /* ViewMain.swift */; };
		DA2C08F81F211F5300E1381A /* generic.xcassets in Resources */ = {isa = PBXBuildFile; fileRef = DA2C08F71F211F5300E1381A /* generic.xcassets */; };
		DA2C09151F2174D700E1381A /* MSourceProtocol.swift in Sources */ = {isa = PBXBuildFile; fileRef = DA2C09141F2174D700E1381A /* MSourceProtocol.swift */; };
		DA3B22361F201F3300F85DFD /* AppDelegate.swift in Sources */ = {isa = PBXBuildFile; fileRef = DA3B21F61F201F3300F85DFD /* AppDelegate.swift */; };
		DA3B22371F201F3300F85DFD /* Controller.swift in Sources */ = {isa = PBXBuildFile; fileRef = DA3B21F71F201F3300F85DFD /* Controller.swift */; };
		DA3B22381F201F3300F85DFD /* ControllerParent.swift in Sources */ = {isa = PBXBuildFile; fileRef = DA3B21F81F201F3300F85DFD /* ControllerParent.swift */; };
		DA3B22391F201F3300F85DFD /* ControllerParentTransitions.swift in Sources */ = {isa = PBXBuildFile; fileRef = DA3B21F91F201F3300F85DFD /* ControllerParentTransitions.swift */; };
		DA3B223A1F201F3300F85DFD /* CHome.swift in Sources */ = {isa = PBXBuildFile; fileRef = DA3B21FB1F201F3300F85DFD /* CHome.swift */; };
		DA3B22421F201F3300F85DFD /* LaunchScreen.storyboard in Resources */ = {isa = PBXBuildFile; fileRef = DA3B220A1F201F3300F85DFD /* LaunchScreen.storyboard */; };
		DA3B22431F201F3300F85DFD /* DManager.swift in Sources */ = {isa = PBXBuildFile; fileRef = DA3B220C1F201F3300F85DFD /* DManager.swift */; };
		DA3B22441F201F3300F85DFD /* DSettingsExtension.swift in Sources */ = {isa = PBXBuildFile; fileRef = DA3B220D1F201F3300F85DFD /* DSettingsExtension.swift */; };
		DA3B22451F201F3300F85DFD /* ExtensionDictionary.swift in Sources */ = {isa = PBXBuildFile; fileRef = DA3B220F1F201F3300F85DFD /* ExtensionDictionary.swift */; };
		DA3B22461F201F3300F85DFD /* ExtensionFileManager.swift in Sources */ = {isa = PBXBuildFile; fileRef = DA3B22101F201F3300F85DFD /* ExtensionFileManager.swift */; };
		DA3B22471F201F3300F85DFD /* ExtensionNotification.swift in Sources */ = {isa = PBXBuildFile; fileRef = DA3B22111F201F3300F85DFD /* ExtensionNotification.swift */; };
		DA3B22481F201F3300F85DFD /* ExtensionNSLayoutConstraint.swift in Sources */ = {isa = PBXBuildFile; fileRef = DA3B22121F201F3300F85DFD /* ExtensionNSLayoutConstraint.swift */; };
		DA3B22491F201F3300F85DFD /* ExtensionNSManagedObject.swift in Sources */ = {isa = PBXBuildFile; fileRef = DA3B22131F201F3300F85DFD /* ExtensionNSManagedObject.swift */; };
		DA3B224A1F201F3300F85DFD /* ExtensionString.swift in Sources */ = {isa = PBXBuildFile; fileRef = DA3B22141F201F3300F85DFD /* ExtensionString.swift */; };
		DA3B224B1F201F3300F85DFD /* ExtensionUICollectionReusableView.swift in Sources */ = {isa = PBXBuildFile; fileRef = DA3B22151F201F3300F85DFD /* ExtensionUICollectionReusableView.swift */; };
		DA3B224C1F201F3300F85DFD /* ExtensionUIColor.swift in Sources */ = {isa = PBXBuildFile; fileRef = DA3B22161F201F3300F85DFD /* ExtensionUIColor.swift */; };
		DA3B224D1F201F3300F85DFD /* ExtensionUIFont.swift in Sources */ = {isa = PBXBuildFile; fileRef = DA3B22171F201F3300F85DFD /* ExtensionUIFont.swift */; };
		DA3B224E1F201F3300F85DFD /* ExtensionURL.swift in Sources */ = {isa = PBXBuildFile; fileRef = DA3B22181F201F3300F85DFD /* ExtensionURL.swift */; };
		DA3B224F1F201F3300F85DFD /* LocalizableController.strings in Resources */ = {isa = PBXBuildFile; fileRef = DA3B221A1F201F3300F85DFD /* LocalizableController.strings */; };
		DA3B22501F201F3300F85DFD /* LocalizableModel.strings in Resources */ = {isa = PBXBuildFile; fileRef = DA3B221C1F201F3300F85DFD /* LocalizableModel.strings */; };
		DA3B22511F201F3300F85DFD /* LocalizableView.strings in Resources */ = {isa = PBXBuildFile; fileRef = DA3B221E1F201F3300F85DFD /* LocalizableView.strings */; };
		DA3B22521F201F3300F85DFD /* ResourceURL.plist in Resources */ = {isa = PBXBuildFile; fileRef = DA3B22201F201F3300F85DFD /* ResourceURL.plist */; };
		DA3B22531F201F3300F85DFD /* View.swift in Sources */ = {isa = PBXBuildFile; fileRef = DA3B22241F201F3300F85DFD /* View.swift */; };
		DA3B22541F201F3300F85DFD /* ViewParent.swift in Sources */ = {isa = PBXBuildFile; fileRef = DA3B22251F201F3300F85DFD /* ViewParent.swift */; };
		DA3B22551F201F3300F85DFD /* ViewParentTransitions.swift in Sources */ = {isa = PBXBuildFile; fileRef = DA3B22261F201F3300F85DFD /* ViewParentTransitions.swift */; };
		DA3B22561F201F3300F85DFD /* ViewProtocol.swift in Sources */ = {isa = PBXBuildFile; fileRef = DA3B22271F201F3300F85DFD /* ViewProtocol.swift */; };
		DA3B22571F201F3300F85DFD /* VAlert.swift in Sources */ = {isa = PBXBuildFile; fileRef = DA3B22291F201F3300F85DFD /* VAlert.swift */; };
		DA3B22581F201F3300F85DFD /* VBlur.swift in Sources */ = {isa = PBXBuildFile; fileRef = DA3B222A1F201F3300F85DFD /* VBlur.swift */; };
		DA3B22591F201F3300F85DFD /* VBorder.swift in Sources */ = {isa = PBXBuildFile; fileRef = DA3B222B1F201F3300F85DFD /* VBorder.swift */; };
		DA3B225A1F201F3300F85DFD /* VCollection.swift in Sources */ = {isa = PBXBuildFile; fileRef = DA3B222C1F201F3300F85DFD /* VCollection.swift */; };
		DA3B225B1F201F3300F85DFD /* VCollectionFlow.swift in Sources */ = {isa = PBXBuildFile; fileRef = DA3B222D1F201F3300F85DFD /* VCollectionFlow.swift */; };
		DA3B225C1F201F3300F85DFD /* VGradient.swift in Sources */ = {isa = PBXBuildFile; fileRef = DA3B222E1F201F3300F85DFD /* VGradient.swift */; };
		DA3B225D1F201F3300F85DFD /* VPushBackground.swift in Sources */ = {isa = PBXBuildFile; fileRef = DA3B222F1F201F3300F85DFD /* VPushBackground.swift */; };
		DA3B225E1F201F3300F85DFD /* VSlider.swift in Sources */ = {isa = PBXBuildFile; fileRef = DA3B22301F201F3300F85DFD /* VSlider.swift */; };
		DA3B225F1F201F3300F85DFD /* VSliderBar.swift in Sources */ = {isa = PBXBuildFile; fileRef = DA3B22311F201F3300F85DFD /* VSliderBar.swift */; };
		DA3B22601F201F3300F85DFD /* VSpinner.swift in Sources */ = {isa = PBXBuildFile; fileRef = DA3B22321F201F3300F85DFD /* VSpinner.swift */; };
		DA3B22611F201F3300F85DFD /* VToast.swift in Sources */ = {isa = PBXBuildFile; fileRef = DA3B22331F201F3300F85DFD /* VToast.swift */; };
		DA3B22621F201F3300F85DFD /* VHome.swift in Sources */ = {isa = PBXBuildFile; fileRef = DA3B22351F201F3300F85DFD /* VHome.swift */; };
		DA3B22651F201FB900F85DFD /* DLooperRefactor.xcdatamodeld in Sources */ = {isa = PBXBuildFile; fileRef = DA3B22631F201FB900F85DFD /* DLooperRefactor.xcdatamodeld */; };
		DA3B22781F2024A400F85DFD /* MSession.swift in Sources */ = {isa = PBXBuildFile; fileRef = DA3B22711F2024A400F85DFD /* MSession.swift */; };
		DA3B22791F2024A400F85DFD /* MSessionSettings.swift in Sources */ = {isa = PBXBuildFile; fileRef = DA3B22721F2024A400F85DFD /* MSessionSettings.swift */; };
		DA3B227D1F20260B00F85DFD /* MPerkThumbnailProtocol.swift in Sources */ = {isa = PBXBuildFile; fileRef = DA3B227C1F20260B00F85DFD /* MPerkThumbnailProtocol.swift */; };
		DA3B227F1F20261500F85DFD /* MPerkThumbnailFreeProtocol.swift in Sources */ = {isa = PBXBuildFile; fileRef = DA3B227E1F20261500F85DFD /* MPerkThumbnailFreeProtocol.swift */; };
		DA3B22811F20261E00F85DFD /* MPerkThumbnailPurchaseProtocol.swift in Sources */ = {isa = PBXBuildFile; fileRef = DA3B22801F20261E00F85DFD /* MPerkThumbnailPurchaseProtocol.swift */; };
		DA3B22831F20268C00F85DFD /* MPerkDomainProtocol.swift in Sources */ = {isa = PBXBuildFile; fileRef = DA3B22821F20268C00F85DFD /* MPerkDomainProtocol.swift */; };
		DA3B22851F2029A500F85DFD /* MPerkThumbnailProtocolExtension.swift in Sources */ = {isa = PBXBuildFile; fileRef = DA3B22841F2029A500F85DFD /* MPerkThumbnailProtocolExtension.swift */; };
		DA3B22871F202DC100F85DFD /* MSessionPerks.swift in Sources */ = {isa = PBXBuildFile; fileRef = DA3B22861F202DC100F85DFD /* MSessionPerks.swift */; };
		DA46DFE61F2658E0009214A6 /* VEdit.swift in Sources */ = {isa = PBXBuildFile; fileRef = DA46DFE51F2658E0009214A6 /* VEdit.swift */; };
		DA46DFE91F265917009214A6 /* MEdit.swift in Sources */ = {isa = PBXBuildFile; fileRef = DA46DFE81F265917009214A6 /* MEdit.swift */; };
		DA46DFEC1F26594D009214A6 /* CEdit.swift in Sources */ = {isa = PBXBuildFile; fileRef = DA46DFEB1F26594D009214A6 /* CEdit.swift */; };
		DA46DFEE1F265F92009214A6 /* MEditSequence.swift in Sources */ = {isa = PBXBuildFile; fileRef = DA46DFED1F265F92009214A6 /* MEditSequence.swift */; };
		DA46DFF01F265F9F009214A6 /* MEditSequenceItem.swift in Sources */ = {isa = PBXBuildFile; fileRef = DA46DFEF1F265F9F009214A6 /* MEditSequenceItem.swift */; };
		DA46DFF21F266378009214A6 /* MSourceVideoImportFactorySequence.swift in Sources */ = {isa = PBXBuildFile; fileRef = DA46DFF11F266378009214A6 /* MSourceVideoImportFactorySequence.swift */; };
		DA46DFF41F26C685009214A6 /* VSourceVideoTimeBarInfo.swift in Sources */ = {isa = PBXBuildFile; fileRef = DA46DFF31F26C685009214A6 /* VSourceVideoTimeBarInfo.swift */; };
		DA46DFF61F26C68E009214A6 /* VSourceVideoTimeBarInfoCell.swift in Sources */ = {isa = PBXBuildFile; fileRef = DA46DFF51F26C68E009214A6 /* VSourceVideoTimeBarInfoCell.swift */; };
		DA65CDAF1F2416A900C0615E /* MSourceVideoTimeItemProtocol.swift in Sources */ = {isa = PBXBuildFile; fileRef = DA65CDAE1F2416A900C0615E /* MSourceVideoTimeItemProtocol.swift */; };
		DA65CDB11F2416B300C0615E /* MSourceVideoTimeItemDuration.swift in Sources */ = {isa = PBXBuildFile; fileRef = DA65CDB01F2416B300C0615E /* MSourceVideoTimeItemDuration.swift */; };
		DA65CDB31F242A7F00C0615E /* MSourceVideoTimeItemWidth.swift in Sources */ = {isa = PBXBuildFile; fileRef = DA65CDB21F242A7F00C0615E /* MSourceVideoTimeItemWidth.swift */; };
		DA65CDB51F242A8700C0615E /* MSourceVideoTimeItemHeight.swift in Sources */ = {isa = PBXBuildFile; fileRef = DA65CDB41F242A8700C0615E /* MSourceVideoTimeItemHeight.swift */; };
		DA65CDB91F24383D00C0615E /* CSourceVideoImport.swift in Sources */ = {isa = PBXBuildFile; fileRef = DA65CDB81F24383D00C0615E /* CSourceVideoImport.swift */; };
		DA65CDBC1F24388E00C0615E /* MSourceVideoImport.swift in Sources */ = {isa = PBXBuildFile; fileRef = DA65CDBB1F24388E00C0615E /* MSourceVideoImport.swift */; };
		DA65CDBF1F2438BD00C0615E /* VSourceVideoImport.swift in Sources */ = {isa = PBXBuildFile; fileRef = DA65CDBE1F2438BD00C0615E /* VSourceVideoImport.swift */; };
		DA6BA5F61F20418D00A6381A /* brand.xcassets in Resources */ = {isa = PBXBuildFile; fileRef = DA6BA5F51F20418D00A6381A /* brand.xcassets */; };
		DA6EA7B11F22A779003A0EA8 /* CSourceVideoTime.swift in Sources */ = {isa = PBXBuildFile; fileRef = DA6EA7B01F22A779003A0EA8 /* CSourceVideoTime.swift */; };
		DA6EA7B41F22A7DB003A0EA8 /* VSourceVideoTime.swift in Sources */ = {isa = PBXBuildFile; fileRef = DA6EA7B31F22A7DB003A0EA8 /* VSourceVideoTime.swift */; };
		DA6EA7B71F22A840003A0EA8 /* MSourceVideoTime.swift in Sources */ = {isa = PBXBuildFile; fileRef = DA6EA7B61F22A840003A0EA8 /* MSourceVideoTime.swift */; };
		DA6EA7BD1F22B3B3003A0EA8 /* VSourceVideoTimeBar.swift in Sources */ = {isa = PBXBuildFile; fileRef = DA6EA7BC1F22B3B3003A0EA8 /* VSourceVideoTimeBar.swift */; };
		DA6EA7C11F22B975003A0EA8 /* VSourceVideoList.swift in Sources */ = {isa = PBXBuildFile; fileRef = DA6EA7C01F22B975003A0EA8 /* VSourceVideoList.swift */; };
		DA6EA7C31F22B97B003A0EA8 /* VSourceVideoListCell.swift in Sources */ = {isa = PBXBuildFile; fileRef = DA6EA7C21F22B97B003A0EA8 /* VSourceVideoListCell.swift */; };
		DA6EA7C71F22C77D003A0EA8 /* VSourceVideoTimeBarThumb.swift in Sources */ = {isa = PBXBuildFile; fileRef = DA6EA7C61F22C77D003A0EA8 /* VSourceVideoTimeBarThumb.swift */; };
		DA81CBC41F21E5710031EAF6 /* VSourceVideoBar.swift in Sources */ = {isa = PBXBuildFile; fileRef = DA81CBC31F21E5710031EAF6 /* VSourceVideoBar.swift */; };
		DA81CBC61F21FC2D0031EAF6 /* MSourceVideoItem.swift in Sources */ = {isa = PBXBuildFile; fileRef = DA81CBC51F21FC2D0031EAF6 /* MSourceVideoItem.swift */; };
		DA81CBC81F21FD5D0031EAF6 /* MSourceVideoFactory.swift in Sources */ = {isa = PBXBuildFile; fileRef = DA81CBC71F21FD5D0031EAF6 /* MSourceVideoFactory.swift */; };
		DA81CBCA1F2201020031EAF6 /* ModelDelegate.swift in Sources */ = {isa = PBXBuildFile; fileRef = DA81CBC91F2201020031EAF6 /* ModelDelegate.swift */; };
		DA81CBCC1F2207790031EAF6 /* MSourceVideoAuth.swift in Sources */ = {isa = PBXBuildFile; fileRef = DA81CBCB1F2207790031EAF6 /* MSourceVideoAuth.swift */; };
		DAA0C0131F280CBC00997118 /* VEditBar.swift in Sources */ = {isa = PBXBuildFile; fileRef = DAA0C0121F280CBC00997118 /* VEditBar.swift */; };
		DAFD73EA1F24848000DC67EA /* MSourceVideoImportFactory.swift in Sources */ = {isa = PBXBuildFile; fileRef = DAFD73E91F24848000DC67EA /* MSourceVideoImportFactory.swift */; };
		DAFD73EC1F24848C00DC67EA /* MSourceVideoImportFactoryDelegate.swift in Sources */ = {isa = PBXBuildFile; fileRef = DAFD73EB1F24848C00DC67EA /* MSourceVideoImportFactoryDelegate.swift */; };
		DAFD73EE1F24930400DC67EA /* VSourceVideoImportProgress.swift in Sources */ = {isa = PBXBuildFile; fileRef = DAFD73ED1F24930400DC67EA /* VSourceVideoImportProgress.swift */; };
		DAFD73F61F24B59900DC67EA /* VHomeMenuNew.swift in Sources */ = {isa = PBXBuildFile; fileRef = DAFD73F51F24B59900DC67EA /* VHomeMenuNew.swift */; };
		DAFD73F91F24BE4100DC67EA /* CNew.swift in Sources */ = {isa = PBXBuildFile; fileRef = DAFD73F81F24BE4100DC67EA /* CNew.swift */; };
		DAFD73FC1F24BE6800DC67EA /* MNew.swift in Sources */ = {isa = PBXBuildFile; fileRef = DAFD73FB1F24BE6800DC67EA /* MNew.swift */; };
		DAFD73FF1F24BE9200DC67EA /* VNew.swift in Sources */ = {isa = PBXBuildFile; fileRef = DAFD73FE1F24BE9200DC67EA /* VNew.swift */; };
		DAFD74011F24C8EA00DC67EA /* VNewSource.swift in Sources */ = {isa = PBXBuildFile; fileRef = DAFD74001F24C8EA00DC67EA /* VNewSource.swift */; };
		DAFD74031F24C90B00DC67EA /* VNewSourceCell.swift in Sources */ = {isa = PBXBuildFile; fileRef = DAFD74021F24C90B00DC67EA /* VNewSourceCell.swift */; };
		DAFD74051F24CA7000DC67EA /* MNewFactory.swift in Sources */ = {isa = PBXBuildFile; fileRef = DAFD74041F24CA7000DC67EA /* MNewFactory.swift */; };
/* End PBXBuildFile section */

/* Begin PBXFileReference section */
		DA16042C1F278B250035497C /* VSourceVideoTimeSlider.swift */ = {isa = PBXFileReference; fileEncoding = 4; lastKnownFileType = sourcecode.swift; path = VSourceVideoTimeSlider.swift; sourceTree = "<group>"; };
		DA16042E1F2793610035497C /* VSourceVideoTimeNext.swift */ = {isa = PBXFileReference; fileEncoding = 4; lastKnownFileType = sourcecode.swift; path = VSourceVideoTimeNext.swift; sourceTree = "<group>"; };
		DA1604301F27A96F0035497C /* VSourceVideoImportProgressThumb.swift */ = {isa = PBXFileReference; fileEncoding = 4; lastKnownFileType = sourcecode.swift; path = VSourceVideoImportProgressThumb.swift; sourceTree = "<group>"; };
		DA1604321F27AD7A0035497C /* VSourceVideoImportProgressBar.swift */ = {isa = PBXFileReference; fileEncoding = 4; lastKnownFileType = sourcecode.swift; path = VSourceVideoImportProgressBar.swift; sourceTree = "<group>"; };
		DA1604341F27BCC60035497C /* VSourceVideoImportBottom.swift */ = {isa = PBXFileReference; fileEncoding = 4; lastKnownFileType = sourcecode.swift; path = VSourceVideoImportBottom.swift; sourceTree = "<group>"; };
		DA1AFBD61F21C9F6000ADDFA /* MSourceVideo.swift */ = {isa = PBXFileReference; fileEncoding = 4; lastKnownFileType = sourcecode.swift; path = MSourceVideo.swift; sourceTree = "<group>"; };
		DA1AFBD81F21CA2A000ADDFA /* MSourceImage.swift */ = {isa = PBXFileReference; fileEncoding = 4; lastKnownFileType = sourcecode.swift; path = MSourceImage.swift; sourceTree = "<group>"; };
		DA1AFBDA1F21CB39000ADDFA /* MSourceItemVideo.swift */ = {isa = PBXFileReference; fileEncoding = 4; lastKnownFileType = sourcecode.swift; path = MSourceItemVideo.swift; sourceTree = "<group>"; };
		DA1AFBDC1F21CB42000ADDFA /* MSourceItemImage.swift */ = {isa = PBXFileReference; fileEncoding = 4; lastKnownFileType = sourcecode.swift; path = MSourceItemImage.swift; sourceTree = "<group>"; };
		DA1AFBE21F21CBE8000ADDFA /* VSourceVideo.swift */ = {isa = PBXFileReference; fileEncoding = 4; lastKnownFileType = sourcecode.swift; path = VSourceVideo.swift; sourceTree = "<group>"; };
		DA1AFBE41F21CC09000ADDFA /* VSourceImage.swift */ = {isa = PBXFileReference; fileEncoding = 4; lastKnownFileType = sourcecode.swift; path = VSourceImage.swift; sourceTree = "<group>"; };
		DA1AFBE91F21CC80000ADDFA /* CSourceVideo.swift */ = {isa = PBXFileReference; fileEncoding = 4; lastKnownFileType = sourcecode.swift; path = CSourceVideo.swift; sourceTree = "<group>"; };
		DA1AFBEB1F21CC9B000ADDFA /* CSourceImage.swift */ = {isa = PBXFileReference; fileEncoding = 4; lastKnownFileType = sourcecode.swift; path = CSourceImage.swift; sourceTree = "<group>"; };
		DA1AFBED1F21DE68000ADDFA /* spinner.xcassets */ = {isa = PBXFileReference; lastKnownFileType = folder.assetcatalog; path = spinner.xcassets; sourceTree = "<group>"; };
		DA2C08EE1F2108FC00E1381A /* VHomeMenu.swift */ = {isa = PBXFileReference; fileEncoding = 4; lastKnownFileType = sourcecode.swift; path = VHomeMenu.swift; sourceTree = "<group>"; };
		DA2C08F11F2109AE00E1381A /* Model.swift */ = {isa = PBXFileReference; fileEncoding = 4; lastKnownFileType = sourcecode.swift; path = Model.swift; sourceTree = "<group>"; };
		DA2C08F31F210A9C00E1381A /* MHome.swift */ = {isa = PBXFileReference; fileEncoding = 4; lastKnownFileType = sourcecode.swift; path = MHome.swift; sourceTree = "<group>"; };
		DA2C08F51F210BA100E1381A /* ViewMain.swift */ = {isa = PBXFileReference; fileEncoding = 4; lastKnownFileType = sourcecode.swift; path = ViewMain.swift; sourceTree = "<group>"; };
		DA2C08F71F211F5300E1381A /* generic.xcassets */ = {isa = PBXFileReference; lastKnownFileType = folder.assetcatalog; path = generic.xcassets; sourceTree = "<group>"; };
		DA2C09141F2174D700E1381A /* MSourceProtocol.swift */ = {isa = PBXFileReference; fileEncoding = 4; lastKnownFileType = sourcecode.swift; path = MSourceProtocol.swift; sourceTree = "<group>"; };
		DA3B21F61F201F3300F85DFD /* AppDelegate.swift */ = {isa = PBXFileReference; fileEncoding = 4; lastKnownFileType = sourcecode.swift; path = AppDelegate.swift; sourceTree = "<group>"; };
		DA3B21F71F201F3300F85DFD /* Controller.swift */ = {isa = PBXFileReference; fileEncoding = 4; lastKnownFileType = sourcecode.swift; path = Controller.swift; sourceTree = "<group>"; };
		DA3B21F81F201F3300F85DFD /* ControllerParent.swift */ = {isa = PBXFileReference; fileEncoding = 4; lastKnownFileType = sourcecode.swift; path = ControllerParent.swift; sourceTree = "<group>"; };
		DA3B21F91F201F3300F85DFD /* ControllerParentTransitions.swift */ = {isa = PBXFileReference; fileEncoding = 4; lastKnownFileType = sourcecode.swift; path = ControllerParentTransitions.swift; sourceTree = "<group>"; };
		DA3B21FB1F201F3300F85DFD /* CHome.swift */ = {isa = PBXFileReference; fileEncoding = 4; lastKnownFileType = sourcecode.swift; path = CHome.swift; sourceTree = "<group>"; };
		DA3B220A1F201F3300F85DFD /* LaunchScreen.storyboard */ = {isa = PBXFileReference; fileEncoding = 4; lastKnownFileType = file.storyboard; path = LaunchScreen.storyboard; sourceTree = "<group>"; };
		DA3B220C1F201F3300F85DFD /* DManager.swift */ = {isa = PBXFileReference; fileEncoding = 4; lastKnownFileType = sourcecode.swift; path = DManager.swift; sourceTree = "<group>"; };
		DA3B220D1F201F3300F85DFD /* DSettingsExtension.swift */ = {isa = PBXFileReference; fileEncoding = 4; lastKnownFileType = sourcecode.swift; path = DSettingsExtension.swift; sourceTree = "<group>"; };
		DA3B220F1F201F3300F85DFD /* ExtensionDictionary.swift */ = {isa = PBXFileReference; fileEncoding = 4; lastKnownFileType = sourcecode.swift; path = ExtensionDictionary.swift; sourceTree = "<group>"; };
		DA3B22101F201F3300F85DFD /* ExtensionFileManager.swift */ = {isa = PBXFileReference; fileEncoding = 4; lastKnownFileType = sourcecode.swift; path = ExtensionFileManager.swift; sourceTree = "<group>"; };
		DA3B22111F201F3300F85DFD /* ExtensionNotification.swift */ = {isa = PBXFileReference; fileEncoding = 4; lastKnownFileType = sourcecode.swift; path = ExtensionNotification.swift; sourceTree = "<group>"; };
		DA3B22121F201F3300F85DFD /* ExtensionNSLayoutConstraint.swift */ = {isa = PBXFileReference; fileEncoding = 4; lastKnownFileType = sourcecode.swift; path = ExtensionNSLayoutConstraint.swift; sourceTree = "<group>"; };
		DA3B22131F201F3300F85DFD /* ExtensionNSManagedObject.swift */ = {isa = PBXFileReference; fileEncoding = 4; lastKnownFileType = sourcecode.swift; path = ExtensionNSManagedObject.swift; sourceTree = "<group>"; };
		DA3B22141F201F3300F85DFD /* ExtensionString.swift */ = {isa = PBXFileReference; fileEncoding = 4; lastKnownFileType = sourcecode.swift; path = ExtensionString.swift; sourceTree = "<group>"; };
		DA3B22151F201F3300F85DFD /* ExtensionUICollectionReusableView.swift */ = {isa = PBXFileReference; fileEncoding = 4; lastKnownFileType = sourcecode.swift; path = ExtensionUICollectionReusableView.swift; sourceTree = "<group>"; };
		DA3B22161F201F3300F85DFD /* ExtensionUIColor.swift */ = {isa = PBXFileReference; fileEncoding = 4; lastKnownFileType = sourcecode.swift; path = ExtensionUIColor.swift; sourceTree = "<group>"; };
		DA3B22171F201F3300F85DFD /* ExtensionUIFont.swift */ = {isa = PBXFileReference; fileEncoding = 4; lastKnownFileType = sourcecode.swift; path = ExtensionUIFont.swift; sourceTree = "<group>"; };
		DA3B22181F201F3300F85DFD /* ExtensionURL.swift */ = {isa = PBXFileReference; fileEncoding = 4; lastKnownFileType = sourcecode.swift; path = ExtensionURL.swift; sourceTree = "<group>"; };
		DA3B221B1F201F3300F85DFD /* en */ = {isa = PBXFileReference; lastKnownFileType = text.plist.strings; name = en; path = en.lproj/LocalizableController.strings; sourceTree = "<group>"; };
		DA3B221D1F201F3300F85DFD /* en */ = {isa = PBXFileReference; lastKnownFileType = text.plist.strings; name = en; path = en.lproj/LocalizableModel.strings; sourceTree = "<group>"; };
		DA3B221F1F201F3300F85DFD /* en */ = {isa = PBXFileReference; lastKnownFileType = text.plist.strings; name = en; path = en.lproj/LocalizableView.strings; sourceTree = "<group>"; };
		DA3B22201F201F3300F85DFD /* ResourceURL.plist */ = {isa = PBXFileReference; fileEncoding = 4; lastKnownFileType = text.plist.xml; path = ResourceURL.plist; sourceTree = "<group>"; };
		DA3B22241F201F3300F85DFD /* View.swift */ = {isa = PBXFileReference; fileEncoding = 4; lastKnownFileType = sourcecode.swift; path = View.swift; sourceTree = "<group>"; };
		DA3B22251F201F3300F85DFD /* ViewParent.swift */ = {isa = PBXFileReference; fileEncoding = 4; lastKnownFileType = sourcecode.swift; path = ViewParent.swift; sourceTree = "<group>"; };
		DA3B22261F201F3300F85DFD /* ViewParentTransitions.swift */ = {isa = PBXFileReference; fileEncoding = 4; lastKnownFileType = sourcecode.swift; path = ViewParentTransitions.swift; sourceTree = "<group>"; };
		DA3B22271F201F3300F85DFD /* ViewProtocol.swift */ = {isa = PBXFileReference; fileEncoding = 4; lastKnownFileType = sourcecode.swift; path = ViewProtocol.swift; sourceTree = "<group>"; };
		DA3B22291F201F3300F85DFD /* VAlert.swift */ = {isa = PBXFileReference; fileEncoding = 4; lastKnownFileType = sourcecode.swift; path = VAlert.swift; sourceTree = "<group>"; };
		DA3B222A1F201F3300F85DFD /* VBlur.swift */ = {isa = PBXFileReference; fileEncoding = 4; lastKnownFileType = sourcecode.swift; path = VBlur.swift; sourceTree = "<group>"; };
		DA3B222B1F201F3300F85DFD /* VBorder.swift */ = {isa = PBXFileReference; fileEncoding = 4; lastKnownFileType = sourcecode.swift; path = VBorder.swift; sourceTree = "<group>"; };
		DA3B222C1F201F3300F85DFD /* VCollection.swift */ = {isa = PBXFileReference; fileEncoding = 4; lastKnownFileType = sourcecode.swift; path = VCollection.swift; sourceTree = "<group>"; };
		DA3B222D1F201F3300F85DFD /* VCollectionFlow.swift */ = {isa = PBXFileReference; fileEncoding = 4; lastKnownFileType = sourcecode.swift; path = VCollectionFlow.swift; sourceTree = "<group>"; };
		DA3B222E1F201F3300F85DFD /* VGradient.swift */ = {isa = PBXFileReference; fileEncoding = 4; lastKnownFileType = sourcecode.swift; path = VGradient.swift; sourceTree = "<group>"; };
		DA3B222F1F201F3300F85DFD /* VPushBackground.swift */ = {isa = PBXFileReference; fileEncoding = 4; lastKnownFileType = sourcecode.swift; path = VPushBackground.swift; sourceTree = "<group>"; };
		DA3B22301F201F3300F85DFD /* VSlider.swift */ = {isa = PBXFileReference; fileEncoding = 4; lastKnownFileType = sourcecode.swift; path = VSlider.swift; sourceTree = "<group>"; };
		DA3B22311F201F3300F85DFD /* VSliderBar.swift */ = {isa = PBXFileReference; fileEncoding = 4; lastKnownFileType = sourcecode.swift; path = VSliderBar.swift; sourceTree = "<group>"; };
		DA3B22321F201F3300F85DFD /* VSpinner.swift */ = {isa = PBXFileReference; fileEncoding = 4; lastKnownFileType = sourcecode.swift; path = VSpinner.swift; sourceTree = "<group>"; };
		DA3B22331F201F3300F85DFD /* VToast.swift */ = {isa = PBXFileReference; fileEncoding = 4; lastKnownFileType = sourcecode.swift; path = VToast.swift; sourceTree = "<group>"; };
		DA3B22351F201F3300F85DFD /* VHome.swift */ = {isa = PBXFileReference; fileEncoding = 4; lastKnownFileType = sourcecode.swift; path = VHome.swift; sourceTree = "<group>"; };
		DA3B22641F201FB900F85DFD /* DLooperRefactor.xcdatamodel */ = {isa = PBXFileReference; lastKnownFileType = wrapper.xcdatamodel; path = DLooperRefactor.xcdatamodel; sourceTree = "<group>"; };
		DA3B22711F2024A400F85DFD /* MSession.swift */ = {isa = PBXFileReference; fileEncoding = 4; lastKnownFileType = sourcecode.swift; path = MSession.swift; sourceTree = "<group>"; };
		DA3B22721F2024A400F85DFD /* MSessionSettings.swift */ = {isa = PBXFileReference; fileEncoding = 4; lastKnownFileType = sourcecode.swift; path = MSessionSettings.swift; sourceTree = "<group>"; };
		DA3B227C1F20260B00F85DFD /* MPerkThumbnailProtocol.swift */ = {isa = PBXFileReference; fileEncoding = 4; lastKnownFileType = sourcecode.swift; path = MPerkThumbnailProtocol.swift; sourceTree = "<group>"; };
		DA3B227E1F20261500F85DFD /* MPerkThumbnailFreeProtocol.swift */ = {isa = PBXFileReference; fileEncoding = 4; lastKnownFileType = sourcecode.swift; path = MPerkThumbnailFreeProtocol.swift; sourceTree = "<group>"; };
		DA3B22801F20261E00F85DFD /* MPerkThumbnailPurchaseProtocol.swift */ = {isa = PBXFileReference; fileEncoding = 4; lastKnownFileType = sourcecode.swift; path = MPerkThumbnailPurchaseProtocol.swift; sourceTree = "<group>"; };
		DA3B22821F20268C00F85DFD /* MPerkDomainProtocol.swift */ = {isa = PBXFileReference; fileEncoding = 4; lastKnownFileType = sourcecode.swift; path = MPerkDomainProtocol.swift; sourceTree = "<group>"; };
		DA3B22841F2029A500F85DFD /* MPerkThumbnailProtocolExtension.swift */ = {isa = PBXFileReference; fileEncoding = 4; lastKnownFileType = sourcecode.swift; path = MPerkThumbnailProtocolExtension.swift; sourceTree = "<group>"; };
		DA3B22861F202DC100F85DFD /* MSessionPerks.swift */ = {isa = PBXFileReference; fileEncoding = 4; lastKnownFileType = sourcecode.swift; path = MSessionPerks.swift; sourceTree = "<group>"; };
		DA46DFE51F2658E0009214A6 /* VEdit.swift */ = {isa = PBXFileReference; fileEncoding = 4; lastKnownFileType = sourcecode.swift; path = VEdit.swift; sourceTree = "<group>"; };
		DA46DFE81F265917009214A6 /* MEdit.swift */ = {isa = PBXFileReference; fileEncoding = 4; lastKnownFileType = sourcecode.swift; path = MEdit.swift; sourceTree = "<group>"; };
		DA46DFEB1F26594D009214A6 /* CEdit.swift */ = {isa = PBXFileReference; fileEncoding = 4; lastKnownFileType = sourcecode.swift; path = CEdit.swift; sourceTree = "<group>"; };
		DA46DFED1F265F92009214A6 /* MEditSequence.swift */ = {isa = PBXFileReference; fileEncoding = 4; lastKnownFileType = sourcecode.swift; path = MEditSequence.swift; sourceTree = "<group>"; };
		DA46DFEF1F265F9F009214A6 /* MEditSequenceItem.swift */ = {isa = PBXFileReference; fileEncoding = 4; lastKnownFileType = sourcecode.swift; path = MEditSequenceItem.swift; sourceTree = "<group>"; };
		DA46DFF11F266378009214A6 /* MSourceVideoImportFactorySequence.swift */ = {isa = PBXFileReference; fileEncoding = 4; lastKnownFileType = sourcecode.swift; path = MSourceVideoImportFactorySequence.swift; sourceTree = "<group>"; };
		DA46DFF31F26C685009214A6 /* VSourceVideoTimeBarInfo.swift */ = {isa = PBXFileReference; fileEncoding = 4; lastKnownFileType = sourcecode.swift; path = VSourceVideoTimeBarInfo.swift; sourceTree = "<group>"; };
		DA46DFF51F26C68E009214A6 /* VSourceVideoTimeBarInfoCell.swift */ = {isa = PBXFileReference; fileEncoding = 4; lastKnownFileType = sourcecode.swift; path = VSourceVideoTimeBarInfoCell.swift; sourceTree = "<group>"; };
		DA65CDAE1F2416A900C0615E /* MSourceVideoTimeItemProtocol.swift */ = {isa = PBXFileReference; fileEncoding = 4; lastKnownFileType = sourcecode.swift; path = MSourceVideoTimeItemProtocol.swift; sourceTree = "<group>"; };
		DA65CDB01F2416B300C0615E /* MSourceVideoTimeItemDuration.swift */ = {isa = PBXFileReference; fileEncoding = 4; lastKnownFileType = sourcecode.swift; path = MSourceVideoTimeItemDuration.swift; sourceTree = "<group>"; };
		DA65CDB21F242A7F00C0615E /* MSourceVideoTimeItemWidth.swift */ = {isa = PBXFileReference; fileEncoding = 4; lastKnownFileType = sourcecode.swift; path = MSourceVideoTimeItemWidth.swift; sourceTree = "<group>"; };
		DA65CDB41F242A8700C0615E /* MSourceVideoTimeItemHeight.swift */ = {isa = PBXFileReference; fileEncoding = 4; lastKnownFileType = sourcecode.swift; path = MSourceVideoTimeItemHeight.swift; sourceTree = "<group>"; };
		DA65CDB81F24383D00C0615E /* CSourceVideoImport.swift */ = {isa = PBXFileReference; fileEncoding = 4; lastKnownFileType = sourcecode.swift; path = CSourceVideoImport.swift; sourceTree = "<group>"; };
		DA65CDBB1F24388E00C0615E /* MSourceVideoImport.swift */ = {isa = PBXFileReference; fileEncoding = 4; lastKnownFileType = sourcecode.swift; path = MSourceVideoImport.swift; sourceTree = "<group>"; };
		DA65CDBE1F2438BD00C0615E /* VSourceVideoImport.swift */ = {isa = PBXFileReference; fileEncoding = 4; lastKnownFileType = sourcecode.swift; path = VSourceVideoImport.swift; sourceTree = "<group>"; };
		DA6BA5F51F20418D00A6381A /* brand.xcassets */ = {isa = PBXFileReference; lastKnownFileType = folder.assetcatalog; path = brand.xcassets; sourceTree = "<group>"; };
		DA6EA7B01F22A779003A0EA8 /* CSourceVideoTime.swift */ = {isa = PBXFileReference; fileEncoding = 4; lastKnownFileType = sourcecode.swift; path = CSourceVideoTime.swift; sourceTree = "<group>"; };
		DA6EA7B31F22A7DB003A0EA8 /* VSourceVideoTime.swift */ = {isa = PBXFileReference; fileEncoding = 4; lastKnownFileType = sourcecode.swift; path = VSourceVideoTime.swift; sourceTree = "<group>"; };
		DA6EA7B61F22A840003A0EA8 /* MSourceVideoTime.swift */ = {isa = PBXFileReference; fileEncoding = 4; lastKnownFileType = sourcecode.swift; path = MSourceVideoTime.swift; sourceTree = "<group>"; };
		DA6EA7BC1F22B3B3003A0EA8 /* VSourceVideoTimeBar.swift */ = {isa = PBXFileReference; fileEncoding = 4; lastKnownFileType = sourcecode.swift; path = VSourceVideoTimeBar.swift; sourceTree = "<group>"; };
		DA6EA7C01F22B975003A0EA8 /* VSourceVideoList.swift */ = {isa = PBXFileReference; fileEncoding = 4; lastKnownFileType = sourcecode.swift; path = VSourceVideoList.swift; sourceTree = "<group>"; };
		DA6EA7C21F22B97B003A0EA8 /* VSourceVideoListCell.swift */ = {isa = PBXFileReference; fileEncoding = 4; lastKnownFileType = sourcecode.swift; path = VSourceVideoListCell.swift; sourceTree = "<group>"; };
		DA6EA7C61F22C77D003A0EA8 /* VSourceVideoTimeBarThumb.swift */ = {isa = PBXFileReference; fileEncoding = 4; lastKnownFileType = sourcecode.swift; path = VSourceVideoTimeBarThumb.swift; sourceTree = "<group>"; };
		DA81CBC31F21E5710031EAF6 /* VSourceVideoBar.swift */ = {isa = PBXFileReference; fileEncoding = 4; lastKnownFileType = sourcecode.swift; path = VSourceVideoBar.swift; sourceTree = "<group>"; };
		DA81CBC51F21FC2D0031EAF6 /* MSourceVideoItem.swift */ = {isa = PBXFileReference; fileEncoding = 4; lastKnownFileType = sourcecode.swift; path = MSourceVideoItem.swift; sourceTree = "<group>"; };
		DA81CBC71F21FD5D0031EAF6 /* MSourceVideoFactory.swift */ = {isa = PBXFileReference; fileEncoding = 4; lastKnownFileType = sourcecode.swift; path = MSourceVideoFactory.swift; sourceTree = "<group>"; };
		DA81CBC91F2201020031EAF6 /* ModelDelegate.swift */ = {isa = PBXFileReference; fileEncoding = 4; lastKnownFileType = sourcecode.swift; path = ModelDelegate.swift; sourceTree = "<group>"; };
		DA81CBCB1F2207790031EAF6 /* MSourceVideoAuth.swift */ = {isa = PBXFileReference; fileEncoding = 4; lastKnownFileType = sourcecode.swift; path = MSourceVideoAuth.swift; sourceTree = "<group>"; };
		DA96FE7F1E03653100FD5265 /* looper.app */ = {isa = PBXFileReference; explicitFileType = wrapper.application; includeInIndex = 0; path = looper.app; sourceTree = BUILT_PRODUCTS_DIR; };
		DA96FEA41E03672F00FD5265 /* Info.plist */ = {isa = PBXFileReference; fileEncoding = 4; lastKnownFileType = text.plist.xml; path = Info.plist; sourceTree = "<group>"; };
		DAA0C0121F280CBC00997118 /* VEditBar.swift */ = {isa = PBXFileReference; fileEncoding = 4; lastKnownFileType = sourcecode.swift; path = VEditBar.swift; sourceTree = "<group>"; };
		DAFD73E91F24848000DC67EA /* MSourceVideoImportFactory.swift */ = {isa = PBXFileReference; fileEncoding = 4; lastKnownFileType = sourcecode.swift; path = MSourceVideoImportFactory.swift; sourceTree = "<group>"; };
		DAFD73EB1F24848C00DC67EA /* MSourceVideoImportFactoryDelegate.swift */ = {isa = PBXFileReference; fileEncoding = 4; lastKnownFileType = sourcecode.swift; path = MSourceVideoImportFactoryDelegate.swift; sourceTree = "<group>"; };
		DAFD73ED1F24930400DC67EA /* VSourceVideoImportProgress.swift */ = {isa = PBXFileReference; fileEncoding = 4; lastKnownFileType = sourcecode.swift; path = VSourceVideoImportProgress.swift; sourceTree = "<group>"; };
		DAFD73F51F24B59900DC67EA /* VHomeMenuNew.swift */ = {isa = PBXFileReference; fileEncoding = 4; lastKnownFileType = sourcecode.swift; path = VHomeMenuNew.swift; sourceTree = "<group>"; };
		DAFD73F81F24BE4100DC67EA /* CNew.swift */ = {isa = PBXFileReference; fileEncoding = 4; lastKnownFileType = sourcecode.swift; path = CNew.swift; sourceTree = "<group>"; };
		DAFD73FB1F24BE6800DC67EA /* MNew.swift */ = {isa = PBXFileReference; fileEncoding = 4; lastKnownFileType = sourcecode.swift; path = MNew.swift; sourceTree = "<group>"; };
		DAFD73FE1F24BE9200DC67EA /* VNew.swift */ = {isa = PBXFileReference; fileEncoding = 4; lastKnownFileType = sourcecode.swift; path = VNew.swift; sourceTree = "<group>"; };
		DAFD74001F24C8EA00DC67EA /* VNewSource.swift */ = {isa = PBXFileReference; fileEncoding = 4; lastKnownFileType = sourcecode.swift; path = VNewSource.swift; sourceTree = "<group>"; };
		DAFD74021F24C90B00DC67EA /* VNewSourceCell.swift */ = {isa = PBXFileReference; fileEncoding = 4; lastKnownFileType = sourcecode.swift; path = VNewSourceCell.swift; sourceTree = "<group>"; };
		DAFD74041F24CA7000DC67EA /* MNewFactory.swift */ = {isa = PBXFileReference; fileEncoding = 4; lastKnownFileType = sourcecode.swift; path = MNewFactory.swift; sourceTree = "<group>"; };
/* End PBXFileReference section */

/* Begin PBXFrameworksBuildPhase section */
		DA96FE7C1E03653100FD5265 /* Frameworks */ = {
			isa = PBXFrameworksBuildPhase;
			buildActionMask = 2147483647;
			files = (
			);
			runOnlyForDeploymentPostprocessing = 0;
		};
/* End PBXFrameworksBuildPhase section */

/* Begin PBXGroup section */
		DA1AFBDE1F21CBCC000ADDFA /* SourceImage */ = {
			isa = PBXGroup;
			children = (
				DA1AFBE41F21CC09000ADDFA /* VSourceImage.swift */,
			);
			path = SourceImage;
			sourceTree = "<group>";
		};
		DA1AFBDF1F21CBCC000ADDFA /* SourceVideo */ = {
			isa = PBXGroup;
			children = (
				DA1AFBE21F21CBE8000ADDFA /* VSourceVideo.swift */,
				DA81CBC31F21E5710031EAF6 /* VSourceVideoBar.swift */,
				DA6EA7C01F22B975003A0EA8 /* VSourceVideoList.swift */,
				DA6EA7C21F22B97B003A0EA8 /* VSourceVideoListCell.swift */,
			);
			path = SourceVideo;
			sourceTree = "<group>";
		};
		DA1AFBE61F21CC4E000ADDFA /* Source */ = {
			isa = PBXGroup;
			children = (
				DA1AFBE91F21CC80000ADDFA /* CSourceVideo.swift */,
				DA6EA7B01F22A779003A0EA8 /* CSourceVideoTime.swift */,
				DA65CDB81F24383D00C0615E /* CSourceVideoImport.swift */,
				DA1AFBEB1F21CC9B000ADDFA /* CSourceImage.swift */,
			);
			path = Source;
			sourceTree = "<group>";
		};
		DA2C08F01F2109A100E1381A /* Abstract */ = {
			isa = PBXGroup;
			children = (
				DA2C08F11F2109AE00E1381A /* Model.swift */,
				DA81CBC91F2201020031EAF6 /* ModelDelegate.swift */,
			);
			path = Abstract;
			sourceTree = "<group>";
		};
		DA2C08FE1F2164C100E1381A /* Source */ = {
			isa = PBXGroup;
			children = (
				DA2C09141F2174D700E1381A /* MSourceProtocol.swift */,
				DA1AFBDA1F21CB39000ADDFA /* MSourceItemVideo.swift */,
				DA1AFBDC1F21CB42000ADDFA /* MSourceItemImage.swift */,
			);
			path = Source;
			sourceTree = "<group>";
		};
		DA2C09011F2164C100E1381A /* SourceImage */ = {
			isa = PBXGroup;
			children = (
				DA1AFBD81F21CA2A000ADDFA /* MSourceImage.swift */,
			);
			path = SourceImage;
			sourceTree = "<group>";
		};
		DA2C09021F2164C100E1381A /* SourceRecord */ = {
			isa = PBXGroup;
			children = (
			);
			path = SourceRecord;
			sourceTree = "<group>";
		};
		DA2C09031F2164C100E1381A /* SourceVideo */ = {
			isa = PBXGroup;
			children = (
				DA1AFBD61F21C9F6000ADDFA /* MSourceVideo.swift */,
				DA81CBC71F21FD5D0031EAF6 /* MSourceVideoFactory.swift */,
				DA81CBCB1F2207790031EAF6 /* MSourceVideoAuth.swift */,
				DA81CBC51F21FC2D0031EAF6 /* MSourceVideoItem.swift */,
			);
			path = SourceVideo;
			sourceTree = "<group>";
		};
		DA3B21F41F201F3300F85DFD /* Controller */ = {
			isa = PBXGroup;
			children = (
				DA3B21F51F201F3300F85DFD /* Abstract */,
				DA46DFEA1F265942009214A6 /* Edit */,
				DA1AFBE61F21CC4E000ADDFA /* Source */,
				DAFD73F71F24BE3500DC67EA /* New */,
				DA3B21FA1F201F3300F85DFD /* Home */,
			);
			path = Controller;
			sourceTree = "<group>";
		};
		DA3B21F51F201F3300F85DFD /* Abstract */ = {
			isa = PBXGroup;
			children = (
				DA3B21F61F201F3300F85DFD /* AppDelegate.swift */,
				DA3B21F71F201F3300F85DFD /* Controller.swift */,
				DA3B21F81F201F3300F85DFD /* ControllerParent.swift */,
				DA3B21F91F201F3300F85DFD /* ControllerParentTransitions.swift */,
			);
			path = Abstract;
			sourceTree = "<group>";
		};
		DA3B21FA1F201F3300F85DFD /* Home */ = {
			isa = PBXGroup;
			children = (
				DA3B21FB1F201F3300F85DFD /* CHome.swift */,
			);
			path = Home;
			sourceTree = "<group>";
		};
		DA3B21FC1F201F3300F85DFD /* Model */ = {
			isa = PBXGroup;
			children = (
				DAFD73FA1F24BE6000DC67EA /* New */,
				DA2C08F01F2109A100E1381A /* Abstract */,
				DA3B21FE1F201F3300F85DFD /* Main */,
				DA46DFE71F26590A009214A6 /* Edit */,
				DA2C08FE1F2164C100E1381A /* Source */,
				DA2C09011F2164C100E1381A /* SourceImage */,
				DA2C09021F2164C100E1381A /* SourceRecord */,
				DA2C09031F2164C100E1381A /* SourceVideo */,
				DA6EA7B51F22A834003A0EA8 /* SourceVideoTime */,
				DA65CDBA1F24388100C0615E /* SourceVideoImport */,
				DA3B21FD1F201F3300F85DFD /* Home */,
			);
			path = Model;
			sourceTree = "<group>";
		};
		DA3B21FD1F201F3300F85DFD /* Home */ = {
			isa = PBXGroup;
			children = (
				DA2C08F31F210A9C00E1381A /* MHome.swift */,
			);
			path = Home;
			sourceTree = "<group>";
		};
		DA3B21FE1F201F3300F85DFD /* Main */ = {
			isa = PBXGroup;
			children = (
				DA3B22661F2024A400F85DFD /* Abstract */,
				DA3B22671F2024A400F85DFD /* Perk */,
				DA3B22701F2024A400F85DFD /* Session */,
			);
			path = Main;
			sourceTree = "<group>";
		};
		DA3B22081F201F3300F85DFD /* Support */ = {
			isa = PBXGroup;
			children = (
				DA3B22091F201F3300F85DFD /* Assets */,
				DA3B220B1F201F3300F85DFD /* Data */,
				DA3B220E1F201F3300F85DFD /* Extensions */,
				DA3B22191F201F3300F85DFD /* Resource */,
			);
			path = Support;
			sourceTree = "<group>";
		};
		DA3B22091F201F3300F85DFD /* Assets */ = {
			isa = PBXGroup;
			children = (
				DA3B220A1F201F3300F85DFD /* LaunchScreen.storyboard */,
				DA6BA5F51F20418D00A6381A /* brand.xcassets */,
				DA2C08F71F211F5300E1381A /* generic.xcassets */,
				DA1AFBED1F21DE68000ADDFA /* spinner.xcassets */,
			);
			path = Assets;
			sourceTree = "<group>";
		};
		DA3B220B1F201F3300F85DFD /* Data */ = {
			isa = PBXGroup;
			children = (
				DA3B220C1F201F3300F85DFD /* DManager.swift */,
				DA3B220D1F201F3300F85DFD /* DSettingsExtension.swift */,
				DA3B22631F201FB900F85DFD /* DLooperRefactor.xcdatamodeld */,
			);
			path = Data;
			sourceTree = "<group>";
		};
		DA3B220E1F201F3300F85DFD /* Extensions */ = {
			isa = PBXGroup;
			children = (
				DA3B220F1F201F3300F85DFD /* ExtensionDictionary.swift */,
				DA3B22101F201F3300F85DFD /* ExtensionFileManager.swift */,
				DA3B22111F201F3300F85DFD /* ExtensionNotification.swift */,
				DA3B22121F201F3300F85DFD /* ExtensionNSLayoutConstraint.swift */,
				DA3B22131F201F3300F85DFD /* ExtensionNSManagedObject.swift */,
				DA3B22141F201F3300F85DFD /* ExtensionString.swift */,
				DA3B22151F201F3300F85DFD /* ExtensionUICollectionReusableView.swift */,
				DA3B22161F201F3300F85DFD /* ExtensionUIColor.swift */,
				DA3B22171F201F3300F85DFD /* ExtensionUIFont.swift */,
				DA3B22181F201F3300F85DFD /* ExtensionURL.swift */,
			);
			path = Extensions;
			sourceTree = "<group>";
		};
		DA3B22191F201F3300F85DFD /* Resource */ = {
			isa = PBXGroup;
			children = (
				DA3B221A1F201F3300F85DFD /* LocalizableController.strings */,
				DA3B221C1F201F3300F85DFD /* LocalizableModel.strings */,
				DA3B221E1F201F3300F85DFD /* LocalizableView.strings */,
				DA3B22201F201F3300F85DFD /* ResourceURL.plist */,
			);
			path = Resource;
			sourceTree = "<group>";
		};
		DA3B22211F201F3300F85DFD /* View */ = {
			isa = PBXGroup;
			children = (
				DA3B22221F201F3300F85DFD /* Abstract */,
				DA3B22281F201F3300F85DFD /* Basic */,
				DA46DFE41F2658D1009214A6 /* Edit */,
				DAFD73FD1F24BE8900DC67EA /* New */,
				DA1AFBDE1F21CBCC000ADDFA /* SourceImage */,
				DA1AFBDF1F21CBCC000ADDFA /* SourceVideo */,
				DA6EA7B21F22A7CC003A0EA8 /* SourceVideoTime */,
				DA65CDBD1F2438AD00C0615E /* SourceVideoImport */,
				DA3B22341F201F3300F85DFD /* Home */,
			);
			path = View;
			sourceTree = "<group>";
		};
		DA3B22221F201F3300F85DFD /* Abstract */ = {
			isa = PBXGroup;
			children = (
				DA3B22231F201F3300F85DFD /* Basic */,
			);
			path = Abstract;
			sourceTree = "<group>";
		};
		DA3B22231F201F3300F85DFD /* Basic */ = {
			isa = PBXGroup;
			children = (
				DA3B22241F201F3300F85DFD /* View.swift */,
				DA2C08F51F210BA100E1381A /* ViewMain.swift */,
				DA3B22251F201F3300F85DFD /* ViewParent.swift */,
				DA3B22261F201F3300F85DFD /* ViewParentTransitions.swift */,
				DA3B22271F201F3300F85DFD /* ViewProtocol.swift */,
			);
			path = Basic;
			sourceTree = "<group>";
		};
		DA3B22281F201F3300F85DFD /* Basic */ = {
			isa = PBXGroup;
			children = (
				DA3B22291F201F3300F85DFD /* VAlert.swift */,
				DA3B222A1F201F3300F85DFD /* VBlur.swift */,
				DA3B222B1F201F3300F85DFD /* VBorder.swift */,
				DA3B222C1F201F3300F85DFD /* VCollection.swift */,
				DA3B222D1F201F3300F85DFD /* VCollectionFlow.swift */,
				DA3B222E1F201F3300F85DFD /* VGradient.swift */,
				DA3B222F1F201F3300F85DFD /* VPushBackground.swift */,
				DA3B22301F201F3300F85DFD /* VSlider.swift */,
				DA3B22311F201F3300F85DFD /* VSliderBar.swift */,
				DA3B22321F201F3300F85DFD /* VSpinner.swift */,
				DA3B22331F201F3300F85DFD /* VToast.swift */,
			);
			path = Basic;
			sourceTree = "<group>";
		};
		DA3B22341F201F3300F85DFD /* Home */ = {
			isa = PBXGroup;
			children = (
				DA3B22351F201F3300F85DFD /* VHome.swift */,
				DA2C08EE1F2108FC00E1381A /* VHomeMenu.swift */,
				DAFD73F51F24B59900DC67EA /* VHomeMenuNew.swift */,
			);
			path = Home;
			sourceTree = "<group>";
		};
		DA3B22661F2024A400F85DFD /* Abstract */ = {
			isa = PBXGroup;
			children = (
			);
			path = Abstract;
			sourceTree = "<group>";
		};
		DA3B22671F2024A400F85DFD /* Perk */ = {
			isa = PBXGroup;
			children = (
				DA3B22681F2024A400F85DFD /* Abstract */,
				DA3B226D1F2024A400F85DFD /* Domain */,
				DA3B226E1F2024A400F85DFD /* Thumbnail */,
			);
			path = Perk;
			sourceTree = "<group>";
		};
		DA3B22681F2024A400F85DFD /* Abstract */ = {
			isa = PBXGroup;
			children = (
				DA3B227C1F20260B00F85DFD /* MPerkThumbnailProtocol.swift */,
				DA3B22841F2029A500F85DFD /* MPerkThumbnailProtocolExtension.swift */,
				DA3B227E1F20261500F85DFD /* MPerkThumbnailFreeProtocol.swift */,
				DA3B22801F20261E00F85DFD /* MPerkThumbnailPurchaseProtocol.swift */,
				DA3B22821F20268C00F85DFD /* MPerkDomainProtocol.swift */,
			);
			path = Abstract;
			sourceTree = "<group>";
		};
		DA3B226D1F2024A400F85DFD /* Domain */ = {
			isa = PBXGroup;
			children = (
			);
			path = Domain;
			sourceTree = "<group>";
		};
		DA3B226E1F2024A400F85DFD /* Thumbnail */ = {
			isa = PBXGroup;
			children = (
			);
			path = Thumbnail;
			sourceTree = "<group>";
		};
		DA3B22701F2024A400F85DFD /* Session */ = {
			isa = PBXGroup;
			children = (
				DA3B22711F2024A400F85DFD /* MSession.swift */,
				DA3B22721F2024A400F85DFD /* MSessionSettings.swift */,
				DA3B22861F202DC100F85DFD /* MSessionPerks.swift */,
			);
			path = Session;
			sourceTree = "<group>";
		};
		DA46DFE41F2658D1009214A6 /* Edit */ = {
			isa = PBXGroup;
			children = (
				DA46DFE51F2658E0009214A6 /* VEdit.swift */,
				DAA0C0121F280CBC00997118 /* VEditBar.swift */,
			);
			path = Edit;
			sourceTree = "<group>";
		};
		DA46DFE71F26590A009214A6 /* Edit */ = {
			isa = PBXGroup;
			children = (
				DA46DFE81F265917009214A6 /* MEdit.swift */,
				DA46DFED1F265F92009214A6 /* MEditSequence.swift */,
				DA46DFEF1F265F9F009214A6 /* MEditSequenceItem.swift */,
			);
			path = Edit;
			sourceTree = "<group>";
		};
		DA46DFEA1F265942009214A6 /* Edit */ = {
			isa = PBXGroup;
			children = (
				DA46DFEB1F26594D009214A6 /* CEdit.swift */,
			);
			path = Edit;
			sourceTree = "<group>";
		};
		DA65CDBA1F24388100C0615E /* SourceVideoImport */ = {
			isa = PBXGroup;
			children = (
				DA65CDBB1F24388E00C0615E /* MSourceVideoImport.swift */,
				DAFD73E91F24848000DC67EA /* MSourceVideoImportFactory.swift */,
				DA46DFF11F266378009214A6 /* MSourceVideoImportFactorySequence.swift */,
				DAFD73EB1F24848C00DC67EA /* MSourceVideoImportFactoryDelegate.swift */,
			);
			path = SourceVideoImport;
			sourceTree = "<group>";
		};
		DA65CDBD1F2438AD00C0615E /* SourceVideoImport */ = {
			isa = PBXGroup;
			children = (
				DA65CDBE1F2438BD00C0615E /* VSourceVideoImport.swift */,
				DAFD73ED1F24930400DC67EA /* VSourceVideoImportProgress.swift */,
				DA1604301F27A96F0035497C /* VSourceVideoImportProgressThumb.swift */,
				DA1604321F27AD7A0035497C /* VSourceVideoImportProgressBar.swift */,
				DA1604341F27BCC60035497C /* VSourceVideoImportBottom.swift */,
			);
			path = SourceVideoImport;
			sourceTree = "<group>";
		};
		DA6EA7B21F22A7CC003A0EA8 /* SourceVideoTime */ = {
			isa = PBXGroup;
			children = (
				DA6EA7B31F22A7DB003A0EA8 /* VSourceVideoTime.swift */,
				DA6EA7BC1F22B3B3003A0EA8 /* VSourceVideoTimeBar.swift */,
				DA6EA7C61F22C77D003A0EA8 /* VSourceVideoTimeBarThumb.swift */,
				DA46DFF31F26C685009214A6 /* VSourceVideoTimeBarInfo.swift */,
				DA46DFF51F26C68E009214A6 /* VSourceVideoTimeBarInfoCell.swift */,
				DA16042C1F278B250035497C /* VSourceVideoTimeSlider.swift */,
				DA16042E1F2793610035497C /* VSourceVideoTimeNext.swift */,
			);
			path = SourceVideoTime;
			sourceTree = "<group>";
		};
		DA6EA7B51F22A834003A0EA8 /* SourceVideoTime */ = {
			isa = PBXGroup;
			children = (
				DA6EA7B61F22A840003A0EA8 /* MSourceVideoTime.swift */,
				DA65CDAE1F2416A900C0615E /* MSourceVideoTimeItemProtocol.swift */,
				DA65CDB01F2416B300C0615E /* MSourceVideoTimeItemDuration.swift */,
				DA65CDB21F242A7F00C0615E /* MSourceVideoTimeItemWidth.swift */,
				DA65CDB41F242A8700C0615E /* MSourceVideoTimeItemHeight.swift */,
			);
			path = SourceVideoTime;
			sourceTree = "<group>";
		};
		DA96FE761E03653100FD5265 = {
			isa = PBXGroup;
			children = (
				DA96FE811E03653100FD5265 /* looper */,
				DA96FE801E03653100FD5265 /* Products */,
			);
			sourceTree = "<group>";
		};
		DA96FE801E03653100FD5265 /* Products */ = {
			isa = PBXGroup;
			children = (
				DA96FE7F1E03653100FD5265 /* looper.app */,
			);
			name = Products;
			sourceTree = "<group>";
		};
		DA96FE811E03653100FD5265 /* looper */ = {
			isa = PBXGroup;
			children = (
				DA3B21F41F201F3300F85DFD /* Controller */,
				DA3B21FC1F201F3300F85DFD /* Model */,
				DA3B22211F201F3300F85DFD /* View */,
				DA3B22081F201F3300F85DFD /* Support */,
				DA96FEA41E03672F00FD5265 /* Info.plist */,
			);
			path = looper;
			sourceTree = "<group>";
		};
		DAFD73F71F24BE3500DC67EA /* New */ = {
			isa = PBXGroup;
			children = (
				DAFD73F81F24BE4100DC67EA /* CNew.swift */,
			);
			path = New;
			sourceTree = "<group>";
		};
		DAFD73FA1F24BE6000DC67EA /* New */ = {
			isa = PBXGroup;
			children = (
				DAFD73FB1F24BE6800DC67EA /* MNew.swift */,
				DAFD74041F24CA7000DC67EA /* MNewFactory.swift */,
			);
			path = New;
			sourceTree = "<group>";
		};
		DAFD73FD1F24BE8900DC67EA /* New */ = {
			isa = PBXGroup;
			children = (
				DAFD73FE1F24BE9200DC67EA /* VNew.swift */,
				DAFD74001F24C8EA00DC67EA /* VNewSource.swift */,
				DAFD74021F24C90B00DC67EA /* VNewSourceCell.swift */,
			);
			path = New;
			sourceTree = "<group>";
		};
/* End PBXGroup section */

/* Begin PBXNativeTarget section */
		DA96FE7E1E03653100FD5265 /* looper */ = {
			isa = PBXNativeTarget;
			buildConfigurationList = DA96FE911E03653100FD5265 /* Build configuration list for PBXNativeTarget "looper" */;
			buildPhases = (
				DA96FE7B1E03653100FD5265 /* Sources */,
				DA96FE7C1E03653100FD5265 /* Frameworks */,
				DA96FE7D1E03653100FD5265 /* Resources */,
			);
			buildRules = (
			);
			dependencies = (
			);
			name = looper;
			productName = looper;
			productReference = DA96FE7F1E03653100FD5265 /* looper.app */;
			productType = "com.apple.product-type.application";
		};
/* End PBXNativeTarget section */

/* Begin PBXProject section */
		DA96FE771E03653100FD5265 /* Project object */ = {
			isa = PBXProject;
			attributes = {
				LastSwiftUpdateCheck = 0810;
				LastUpgradeCheck = 0820;
				ORGANIZATIONNAME = iturbide;
				TargetAttributes = {
					DA96FE7E1E03653100FD5265 = {
						CreatedOnToolsVersion = 8.1;
						DevelopmentTeam = 7AMWG3RLHN;
						ProvisioningStyle = Automatic;
					};
				};
			};
			buildConfigurationList = DA96FE7A1E03653100FD5265 /* Build configuration list for PBXProject "looper" */;
			compatibilityVersion = "Xcode 3.2";
			developmentRegion = English;
			hasScannedForEncodings = 0;
			knownRegions = (
				en,
				es,
			);
			mainGroup = DA96FE761E03653100FD5265;
			productRefGroup = DA96FE801E03653100FD5265 /* Products */;
			projectDirPath = "";
			projectRoot = "";
			targets = (
				DA96FE7E1E03653100FD5265 /* looper */,
			);
		};
/* End PBXProject section */

/* Begin PBXResourcesBuildPhase section */
		DA96FE7D1E03653100FD5265 /* Resources */ = {
			isa = PBXResourcesBuildPhase;
			buildActionMask = 2147483647;
			files = (
				DA3B22511F201F3300F85DFD /* LocalizableView.strings in Resources */,
				DA3B22421F201F3300F85DFD /* LaunchScreen.storyboard in Resources */,
				DA2C08F81F211F5300E1381A /* generic.xcassets in Resources */,
				DA3B224F1F201F3300F85DFD /* LocalizableController.strings in Resources */,
				DA3B22521F201F3300F85DFD /* ResourceURL.plist in Resources */,
				DA1AFBEE1F21DE68000ADDFA /* spinner.xcassets in Resources */,
				DA3B22501F201F3300F85DFD /* LocalizableModel.strings in Resources */,
				DA6BA5F61F20418D00A6381A /* brand.xcassets in Resources */,
			);
			runOnlyForDeploymentPostprocessing = 0;
		};
/* End PBXResourcesBuildPhase section */

/* Begin PBXSourcesBuildPhase section */
		DA96FE7B1E03653100FD5265 /* Sources */ = {
			isa = PBXSourcesBuildPhase;
			buildActionMask = 2147483647;
			files = (
				DA3B224A1F201F3300F85DFD /* ExtensionString.swift in Sources */,
				DA3B22391F201F3300F85DFD /* ControllerParentTransitions.swift in Sources */,
				DA1AFBD91F21CA2A000ADDFA /* MSourceImage.swift in Sources */,
				DA3B22361F201F3300F85DFD /* AppDelegate.swift in Sources */,
				DA1AFBEC1F21CC9B000ADDFA /* CSourceImage.swift in Sources */,
				DA3B22541F201F3300F85DFD /* ViewParent.swift in Sources */,
				DA46DFF41F26C685009214A6 /* VSourceVideoTimeBarInfo.swift in Sources */,
				DA3B22611F201F3300F85DFD /* VToast.swift in Sources */,
				DA3B22441F201F3300F85DFD /* DSettingsExtension.swift in Sources */,
				DA1604331F27AD7A0035497C /* VSourceVideoImportProgressBar.swift in Sources */,
				DA3B22601F201F3300F85DFD /* VSpinner.swift in Sources */,
				DA1AFBE51F21CC09000ADDFA /* VSourceImage.swift in Sources */,
				DA6EA7C31F22B97B003A0EA8 /* VSourceVideoListCell.swift in Sources */,
				DA3B225D1F201F3300F85DFD /* VPushBackground.swift in Sources */,
				DA3B22451F201F3300F85DFD /* ExtensionDictionary.swift in Sources */,
				DA65CDB31F242A7F00C0615E /* MSourceVideoTimeItemWidth.swift in Sources */,
				DA3B22811F20261E00F85DFD /* MPerkThumbnailPurchaseProtocol.swift in Sources */,
				DA3B225E1F201F3300F85DFD /* VSlider.swift in Sources */,
				DA3B22381F201F3300F85DFD /* ControllerParent.swift in Sources */,
				DA3B22581F201F3300F85DFD /* VBlur.swift in Sources */,
				DA3B22491F201F3300F85DFD /* ExtensionNSManagedObject.swift in Sources */,
				DAFD73EC1F24848C00DC67EA /* MSourceVideoImportFactoryDelegate.swift in Sources */,
				DA1AFBE31F21CBE8000ADDFA /* VSourceVideo.swift in Sources */,
				DA2C08F41F210A9C00E1381A /* MHome.swift in Sources */,
				DA65CDB91F24383D00C0615E /* CSourceVideoImport.swift in Sources */,
				DA1AFBDD1F21CB42000ADDFA /* MSourceItemImage.swift in Sources */,
				DA3B22371F201F3300F85DFD /* Controller.swift in Sources */,
				DA81CBC61F21FC2D0031EAF6 /* MSourceVideoItem.swift in Sources */,
				DA3B22571F201F3300F85DFD /* VAlert.swift in Sources */,
				DAFD73EE1F24930400DC67EA /* VSourceVideoImportProgress.swift in Sources */,
				DA3B22781F2024A400F85DFD /* MSession.swift in Sources */,
				DA46DFEE1F265F92009214A6 /* MEditSequence.swift in Sources */,
				DA3B22651F201FB900F85DFD /* DLooperRefactor.xcdatamodeld in Sources */,
				DA1AFBEA1F21CC80000ADDFA /* CSourceVideo.swift in Sources */,
				DA3B227F1F20261500F85DFD /* MPerkThumbnailFreeProtocol.swift in Sources */,
				DA6EA7C11F22B975003A0EA8 /* VSourceVideoList.swift in Sources */,
				DA81CBC41F21E5710031EAF6 /* VSourceVideoBar.swift in Sources */,
				DA46DFF61F26C68E009214A6 /* VSourceVideoTimeBarInfoCell.swift in Sources */,
				DA2C08F21F2109AE00E1381A /* Model.swift in Sources */,
				DA2C08F61F210BA100E1381A /* ViewMain.swift in Sources */,
				DA16042F1F2793610035497C /* VSourceVideoTimeNext.swift in Sources */,
				DA3B225A1F201F3300F85DFD /* VCollection.swift in Sources */,
				DA2C09151F2174D700E1381A /* MSourceProtocol.swift in Sources */,
				DAFD73FF1F24BE9200DC67EA /* VNew.swift in Sources */,
				DAFD73EA1F24848000DC67EA /* MSourceVideoImportFactory.swift in Sources */,
				DA3B22831F20268C00F85DFD /* MPerkDomainProtocol.swift in Sources */,
				DA6EA7B41F22A7DB003A0EA8 /* VSourceVideoTime.swift in Sources */,
				DA1AFBDB1F21CB39000ADDFA /* MSourceItemVideo.swift in Sources */,
				DA81CBC81F21FD5D0031EAF6 /* MSourceVideoFactory.swift in Sources */,
				DA3B223A1F201F3300F85DFD /* CHome.swift in Sources */,
				DA3B225F1F201F3300F85DFD /* VSliderBar.swift in Sources */,
				DA3B22621F201F3300F85DFD /* VHome.swift in Sources */,
				DA3B224D1F201F3300F85DFD /* ExtensionUIFont.swift in Sources */,
				DA65CDAF1F2416A900C0615E /* MSourceVideoTimeItemProtocol.swift in Sources */,
				DA3B22871F202DC100F85DFD /* MSessionPerks.swift in Sources */,
				DA2C08EF1F2108FC00E1381A /* VHomeMenu.swift in Sources */,
				DA46DFE91F265917009214A6 /* MEdit.swift in Sources */,
				DA6EA7B71F22A840003A0EA8 /* MSourceVideoTime.swift in Sources */,
				DA3B224E1F201F3300F85DFD /* ExtensionURL.swift in Sources */,
				DA1604311F27A96F0035497C /* VSourceVideoImportProgressThumb.swift in Sources */,
				DA3B22481F201F3300F85DFD /* ExtensionNSLayoutConstraint.swift in Sources */,
				DA3B225C1F201F3300F85DFD /* VGradient.swift in Sources */,
				DA81CBCC1F2207790031EAF6 /* MSourceVideoAuth.swift in Sources */,
				DAFD74031F24C90B00DC67EA /* VNewSourceCell.swift in Sources */,
				DA3B22471F201F3300F85DFD /* ExtensionNotification.swift in Sources */,
				DA65CDB11F2416B300C0615E /* MSourceVideoTimeItemDuration.swift in Sources */,
				DA3B22851F2029A500F85DFD /* MPerkThumbnailProtocolExtension.swift in Sources */,
				DA3B22561F201F3300F85DFD /* ViewProtocol.swift in Sources */,
				DA3B22461F201F3300F85DFD /* ExtensionFileManager.swift in Sources */,
				DA46DFF01F265F9F009214A6 /* MEditSequenceItem.swift in Sources */,
				DA3B22431F201F3300F85DFD /* DManager.swift in Sources */,
				DA46DFEC1F26594D009214A6 /* CEdit.swift in Sources */,
				DA3B22531F201F3300F85DFD /* View.swift in Sources */,
				DA3B22591F201F3300F85DFD /* VBorder.swift in Sources */,
				DA3B22551F201F3300F85DFD /* ViewParentTransitions.swift in Sources */,
				DA65CDBC1F24388E00C0615E /* MSourceVideoImport.swift in Sources */,
				DA3B225B1F201F3300F85DFD /* VCollectionFlow.swift in Sources */,
				DA3B22791F2024A400F85DFD /* MSessionSettings.swift in Sources */,
				DAFD74051F24CA7000DC67EA /* MNewFactory.swift in Sources */,
				DA6EA7BD1F22B3B3003A0EA8 /* VSourceVideoTimeBar.swift in Sources */,
				DA6EA7B11F22A779003A0EA8 /* CSourceVideoTime.swift in Sources */,
				DA46DFF21F266378009214A6 /* MSourceVideoImportFactorySequence.swift in Sources */,
				DA46DFE61F2658E0009214A6 /* VEdit.swift in Sources */,
				DAFD74011F24C8EA00DC67EA /* VNewSource.swift in Sources */,
				DA1AFBD71F21C9F6000ADDFA /* MSourceVideo.swift in Sources */,
				DAFD73F91F24BE4100DC67EA /* CNew.swift in Sources */,
				DA3B227D1F20260B00F85DFD /* MPerkThumbnailProtocol.swift in Sources */,
				DA6EA7C71F22C77D003A0EA8 /* VSourceVideoTimeBarThumb.swift in Sources */,
				DA65CDBF1F2438BD00C0615E /* VSourceVideoImport.swift in Sources */,
				DA3B224B1F201F3300F85DFD /* ExtensionUICollectionReusableView.swift in Sources */,
				DA1604351F27BCC60035497C /* VSourceVideoImportBottom.swift in Sources */,
				DA3B224C1F201F3300F85DFD /* ExtensionUIColor.swift in Sources */,
				DA81CBCA1F2201020031EAF6 /* ModelDelegate.swift in Sources */,
				DA16042D1F278B250035497C /* VSourceVideoTimeSlider.swift in Sources */,
				DAFD73FC1F24BE6800DC67EA /* MNew.swift in Sources */,
				DA65CDB51F242A8700C0615E /* MSourceVideoTimeItemHeight.swift in Sources */,
				DAA0C0131F280CBC00997118 /* VEditBar.swift in Sources */,
				DAFD73F61F24B59900DC67EA /* VHomeMenuNew.swift in Sources */,
			);
			runOnlyForDeploymentPostprocessing = 0;
		};
/* End PBXSourcesBuildPhase section */

/* Begin PBXVariantGroup section */
		DA3B221A1F201F3300F85DFD /* LocalizableController.strings */ = {
			isa = PBXVariantGroup;
			children = (
				DA3B221B1F201F3300F85DFD /* en */,
			);
			name = LocalizableController.strings;
			sourceTree = "<group>";
		};
		DA3B221C1F201F3300F85DFD /* LocalizableModel.strings */ = {
			isa = PBXVariantGroup;
			children = (
				DA3B221D1F201F3300F85DFD /* en */,
			);
			name = LocalizableModel.strings;
			sourceTree = "<group>";
		};
		DA3B221E1F201F3300F85DFD /* LocalizableView.strings */ = {
			isa = PBXVariantGroup;
			children = (
				DA3B221F1F201F3300F85DFD /* en */,
			);
			name = LocalizableView.strings;
			sourceTree = "<group>";
		};
/* End PBXVariantGroup section */

/* Begin XCBuildConfiguration section */
		DA96FE8F1E03653100FD5265 /* Debug */ = {
			isa = XCBuildConfiguration;
			buildSettings = {
				ALWAYS_SEARCH_USER_PATHS = NO;
				CLANG_ANALYZER_LOCALIZABILITY_NONLOCALIZED = YES;
				CLANG_ANALYZER_NONNULL = YES;
				CLANG_CXX_LANGUAGE_STANDARD = "gnu++0x";
				CLANG_CXX_LIBRARY = "libc++";
				CLANG_ENABLE_MODULES = YES;
				CLANG_ENABLE_OBJC_ARC = YES;
				CLANG_WARN_BOOL_CONVERSION = YES;
				CLANG_WARN_CONSTANT_CONVERSION = YES;
				CLANG_WARN_DIRECT_OBJC_ISA_USAGE = YES_ERROR;
				CLANG_WARN_DOCUMENTATION_COMMENTS = YES;
				CLANG_WARN_EMPTY_BODY = YES;
				CLANG_WARN_ENUM_CONVERSION = YES;
				CLANG_WARN_INFINITE_RECURSION = YES;
				CLANG_WARN_INT_CONVERSION = YES;
				CLANG_WARN_OBJC_ROOT_CLASS = YES_ERROR;
				CLANG_WARN_SUSPICIOUS_MOVE = YES;
				CLANG_WARN_SUSPICIOUS_MOVES = YES;
				CLANG_WARN_UNREACHABLE_CODE = YES;
				CLANG_WARN__DUPLICATE_METHOD_MATCH = YES;
				"CODE_SIGN_IDENTITY[sdk=iphoneos*]" = "iPhone Developer";
				COPY_PHASE_STRIP = NO;
				DEBUG_INFORMATION_FORMAT = dwarf;
				ENABLE_STRICT_OBJC_MSGSEND = YES;
				ENABLE_TESTABILITY = YES;
				GCC_C_LANGUAGE_STANDARD = gnu99;
				GCC_DYNAMIC_NO_PIC = NO;
				GCC_NO_COMMON_BLOCKS = YES;
				GCC_OPTIMIZATION_LEVEL = 0;
				GCC_PREPROCESSOR_DEFINITIONS = (
					"DEBUG=1",
					"$(inherited)",
				);
				GCC_WARN_64_TO_32_BIT_CONVERSION = YES;
				GCC_WARN_ABOUT_RETURN_TYPE = YES_ERROR;
				GCC_WARN_UNDECLARED_SELECTOR = YES;
				GCC_WARN_UNINITIALIZED_AUTOS = YES_AGGRESSIVE;
				GCC_WARN_UNUSED_FUNCTION = YES;
				GCC_WARN_UNUSED_VARIABLE = YES;
				IPHONEOS_DEPLOYMENT_TARGET = 9.0;
				MTL_ENABLE_DEBUG_INFO = YES;
				ONLY_ACTIVE_ARCH = YES;
				SDKROOT = iphoneos;
				SWIFT_ACTIVE_COMPILATION_CONDITIONS = DEBUG;
				SWIFT_OPTIMIZATION_LEVEL = "-Onone";
				TARGETED_DEVICE_FAMILY = "1,2";
			};
			name = Debug;
		};
		DA96FE901E03653100FD5265 /* Release */ = {
			isa = XCBuildConfiguration;
			buildSettings = {
				ALWAYS_SEARCH_USER_PATHS = NO;
				CLANG_ANALYZER_LOCALIZABILITY_NONLOCALIZED = YES;
				CLANG_ANALYZER_NONNULL = YES;
				CLANG_CXX_LANGUAGE_STANDARD = "gnu++0x";
				CLANG_CXX_LIBRARY = "libc++";
				CLANG_ENABLE_MODULES = YES;
				CLANG_ENABLE_OBJC_ARC = YES;
				CLANG_WARN_BOOL_CONVERSION = YES;
				CLANG_WARN_CONSTANT_CONVERSION = YES;
				CLANG_WARN_DIRECT_OBJC_ISA_USAGE = YES_ERROR;
				CLANG_WARN_DOCUMENTATION_COMMENTS = YES;
				CLANG_WARN_EMPTY_BODY = YES;
				CLANG_WARN_ENUM_CONVERSION = YES;
				CLANG_WARN_INFINITE_RECURSION = YES;
				CLANG_WARN_INT_CONVERSION = YES;
				CLANG_WARN_OBJC_ROOT_CLASS = YES_ERROR;
				CLANG_WARN_SUSPICIOUS_MOVE = YES;
				CLANG_WARN_SUSPICIOUS_MOVES = YES;
				CLANG_WARN_UNREACHABLE_CODE = YES;
				CLANG_WARN__DUPLICATE_METHOD_MATCH = YES;
				"CODE_SIGN_IDENTITY[sdk=iphoneos*]" = "iPhone Developer";
				COPY_PHASE_STRIP = NO;
				DEBUG_INFORMATION_FORMAT = "dwarf-with-dsym";
				ENABLE_NS_ASSERTIONS = NO;
				ENABLE_STRICT_OBJC_MSGSEND = YES;
				GCC_C_LANGUAGE_STANDARD = gnu99;
				GCC_NO_COMMON_BLOCKS = YES;
				GCC_WARN_64_TO_32_BIT_CONVERSION = YES;
				GCC_WARN_ABOUT_RETURN_TYPE = YES_ERROR;
				GCC_WARN_UNDECLARED_SELECTOR = YES;
				GCC_WARN_UNINITIALIZED_AUTOS = YES_AGGRESSIVE;
				GCC_WARN_UNUSED_FUNCTION = YES;
				GCC_WARN_UNUSED_VARIABLE = YES;
				IPHONEOS_DEPLOYMENT_TARGET = 9.0;
				MTL_ENABLE_DEBUG_INFO = NO;
				SDKROOT = iphoneos;
				SWIFT_OPTIMIZATION_LEVEL = "-Owholemodule";
				TARGETED_DEVICE_FAMILY = "1,2";
				VALIDATE_PRODUCT = YES;
			};
			name = Release;
		};
		DA96FE921E03653100FD5265 /* Debug */ = {
			isa = XCBuildConfiguration;
			buildSettings = {
				ASSETCATALOG_COMPILER_APPICON_NAME = AppIcon;
				DEVELOPMENT_TEAM = 7AMWG3RLHN;
				INFOPLIST_FILE = looper/Info.plist;
				LD_RUNPATH_SEARCH_PATHS = "$(inherited) @executable_path/Frameworks";
				PRODUCT_BUNDLE_IDENTIFIER = iturbide.looper;
				PRODUCT_NAME = "$(TARGET_NAME)";
				SWIFT_VERSION = 3.0;
				TARGETED_DEVICE_FAMILY = "1,2";
			};
			name = Debug;
		};
		DA96FE931E03653100FD5265 /* Release */ = {
			isa = XCBuildConfiguration;
			buildSettings = {
				ASSETCATALOG_COMPILER_APPICON_NAME = AppIcon;
				DEVELOPMENT_TEAM = 7AMWG3RLHN;
				INFOPLIST_FILE = looper/Info.plist;
				LD_RUNPATH_SEARCH_PATHS = "$(inherited) @executable_path/Frameworks";
				PRODUCT_BUNDLE_IDENTIFIER = iturbide.looper;
				PRODUCT_NAME = "$(TARGET_NAME)";
				SWIFT_VERSION = 3.0;
				TARGETED_DEVICE_FAMILY = "1,2";
			};
			name = Release;
		};
/* End XCBuildConfiguration section */

/* Begin XCConfigurationList section */
		DA96FE7A1E03653100FD5265 /* Build configuration list for PBXProject "looper" */ = {
			isa = XCConfigurationList;
			buildConfigurations = (
				DA96FE8F1E03653100FD5265 /* Debug */,
				DA96FE901E03653100FD5265 /* Release */,
			);
			defaultConfigurationIsVisible = 0;
			defaultConfigurationName = Release;
		};
		DA96FE911E03653100FD5265 /* Build configuration list for PBXNativeTarget "looper" */ = {
			isa = XCConfigurationList;
			buildConfigurations = (
				DA96FE921E03653100FD5265 /* Debug */,
				DA96FE931E03653100FD5265 /* Release */,
			);
			defaultConfigurationIsVisible = 0;
			defaultConfigurationName = Release;
		};
/* End XCConfigurationList section */

/* Begin XCVersionGroup section */
		DA3B22631F201FB900F85DFD /* DLooperRefactor.xcdatamodeld */ = {
			isa = XCVersionGroup;
			children = (
				DA3B22641F201FB900F85DFD /* DLooperRefactor.xcdatamodel */,
			);
			currentVersion = DA3B22641F201FB900F85DFD /* DLooperRefactor.xcdatamodel */;
			path = DLooperRefactor.xcdatamodeld;
			sourceTree = "<group>";
			versionGroupType = wrapper.xcdatamodel;
		};
/* End XCVersionGroup section */
	};
	rootObject = DA96FE771E03653100FD5265 /* Project object */;
}
